// !$*UTF8*$!
{
	archiveVersion = 1;
	classes = {
	};
	objectVersion = 46;
	objects = {

/* Begin PBXBuildFile section */
		9634FEAE134BB3A100FD737D /* Icon-72.png in Resources */ = {isa = PBXBuildFile; fileRef = 9634FEAD134BB3A100FD737D /* Icon-72.png */; };
		9634FEB1134BB3C600FD737D /* Icon.png in Resources */ = {isa = PBXBuildFile; fileRef = 9634FEB0134BB3C600FD737D /* Icon.png */; };
		9634FEB5134BB46400FD737D /* Icon@2x.png in Resources */ = {isa = PBXBuildFile; fileRef = 9634FEB4134BB46400FD737D /* Icon@2x.png */; };
		9634FEBA134ED0DD00FD737D /* MainWindow-iPad.xib in Resources */ = {isa = PBXBuildFile; fileRef = 9634FEB7134ED0DD00FD737D /* MainWindow-iPad.xib */; };
		9634FEBE134F64BF00FD737D /* Icon-72.png in Resources */ = {isa = PBXBuildFile; fileRef = 9634FEBD134F64BE00FD737D /* Icon-72.png */; };
		963A3DFD1350E31E000225B9 /* songDetailViewController.xib in Resources */ = {isa = PBXBuildFile; fileRef = 963A3DFB1350E31E000225B9 /* songDetailViewController.xib */; };
		963CEC63134902A8004659DE /* JHSpotifyAlbumXMLParser.m in Sources */ = {isa = PBXBuildFile; fileRef = 963CEC50134902A8004659DE /* JHSpotifyAlbumXMLParser.m */; };
		963CEC64134902A8004659DE /* JHSpotifyArtistXMLParser.m in Sources */ = {isa = PBXBuildFile; fileRef = 963CEC52134902A8004659DE /* JHSpotifyArtistXMLParser.m */; };
		963CEC65134902A8004659DE /* JHSpotifyEngine.m in Sources */ = {isa = PBXBuildFile; fileRef = 963CEC54134902A8004659DE /* JHSpotifyEngine.m */; };
		963CEC66134902A8004659DE /* JHSpotifyHTTPURLConnection.m in Sources */ = {isa = PBXBuildFile; fileRef = 963CEC58134902A8004659DE /* JHSpotifyHTTPURLConnection.m */; };
		963CEC67134902A8004659DE /* JHSpotifyTrackXMLParser.m in Sources */ = {isa = PBXBuildFile; fileRef = 963CEC5C134902A8004659DE /* JHSpotifyTrackXMLParser.m */; };
		963CEC68134902A8004659DE /* JHSpotifyXMLParser.m in Sources */ = {isa = PBXBuildFile; fileRef = 963CEC5E134902A8004659DE /* JHSpotifyXMLParser.m */; };
		963CEC69134902A8004659DE /* NSData+Base64.m in Sources */ = {isa = PBXBuildFile; fileRef = 963CEC60134902A8004659DE /* NSData+Base64.m */; };
		963CEC6A134902A8004659DE /* NSString+UUID.m in Sources */ = {isa = PBXBuildFile; fileRef = 963CEC62134902A8004659DE /* NSString+UUID.m */; };
		963CEC7013490618004659DE /* background@2x.png in Resources */ = {isa = PBXBuildFile; fileRef = 963CEC6C13490617004659DE /* background@2x.png */; };
		963CEC7113490618004659DE /* cellbg@2x.png in Resources */ = {isa = PBXBuildFile; fileRef = 963CEC6D13490617004659DE /* cellbg@2x.png */; };
		963CEC7213490618004659DE /* icon_bookmark@2x.png in Resources */ = {isa = PBXBuildFile; fileRef = 963CEC6E13490617004659DE /* icon_bookmark@2x.png */; };
		963CEC7313490618004659DE /* icon_volume@2x.png in Resources */ = {isa = PBXBuildFile; fileRef = 963CEC6F13490617004659DE /* icon_volume@2x.png */; };
		9651BFD213079CF400CD9C61 /* UIKit.framework in Frameworks */ = {isa = PBXBuildFile; fileRef = 9651BFD113079CF400CD9C61 /* UIKit.framework */; };
		9651BFD413079CF400CD9C61 /* Foundation.framework in Frameworks */ = {isa = PBXBuildFile; fileRef = 9651BFD313079CF400CD9C61 /* Foundation.framework */; };
		9651BFDF13079CF400CD9C61 /* main.m in Sources */ = {isa = PBXBuildFile; fileRef = 9651BFDE13079CF400CD9C61 /* main.m */; };
		9651BFE513079CF400CD9C61 /* MainWindow.xib in Resources */ = {isa = PBXBuildFile; fileRef = 9651BFE313079CF400CD9C61 /* MainWindow.xib */; };
		9651C03013079DF800CD9C61 /* addView.m in Sources */ = {isa = PBXBuildFile; fileRef = 9651C00113079DF800CD9C61 /* addView.m */; };
		9651C03113079DF800CD9C61 /* AudioStreamer.m in Sources */ = {isa = PBXBuildFile; fileRef = 9651C00313079DF800CD9C61 /* AudioStreamer.m */; };
		9651C03713079DF800CD9C61 /* lastPlayedListViewer.m in Sources */ = {isa = PBXBuildFile; fileRef = 9651C00E13079DF800CD9C61 /* lastPlayedListViewer.m */; };
		9651C03913079DF800CD9C61 /* LevelMeterView.m in Sources */ = {isa = PBXBuildFile; fileRef = 9651C01113079DF800CD9C61 /* LevelMeterView.m */; };
		9651C03B13079DF800CD9C61 /* radioStation.xcdatamodeld in Sources */ = {isa = PBXBuildFile; fileRef = 9651C01413079DF800CD9C61 /* radioStation.xcdatamodeld */; };
		9651C03C13079DF800CD9C61 /* radiostationerTableViewController.m in Sources */ = {isa = PBXBuildFile; fileRef = 9651C01813079DF800CD9C61 /* radiostationerTableViewController.m */; };
		9651C03D13079DF800CD9C61 /* radiostationerTableViewController.xib in Resources */ = {isa = PBXBuildFile; fileRef = 9651C01913079DF800CD9C61 /* radiostationerTableViewController.xib */; };
		9651C03E13079DF800CD9C61 /* RootViewController.m in Sources */ = {isa = PBXBuildFile; fileRef = 9651C01B13079DF800CD9C61 /* RootViewController.m */; };
		9651C04013079DF800CD9C61 /* songtableviewCell.m in Sources */ = {isa = PBXBuildFile; fileRef = 9651C01F13079DF800CD9C61 /* songtableviewCell.m */; };
		9651C04213079DF800CD9C61 /* stationCell.m in Sources */ = {isa = PBXBuildFile; fileRef = 9651C02213079DF800CD9C61 /* stationCell.m */; };
		9651C04313079DF800CD9C61 /* stationCell.xib in Resources */ = {isa = PBXBuildFile; fileRef = 9651C02313079DF800CD9C61 /* stationCell.xib */; };
		9651C04513079DF800CD9C61 /* stationPlayedSongs.m in Sources */ = {isa = PBXBuildFile; fileRef = 9651C02713079DF800CD9C61 /* stationPlayedSongs.m */; };
		9651C04613079DF800CD9C61 /* stationPlayedSongs.xib in Resources */ = {isa = PBXBuildFile; fileRef = 9651C02813079DF800CD9C61 /* stationPlayedSongs.xib */; };
		9651C04713079DF800CD9C61 /* StationTabBarController.m in Sources */ = {isa = PBXBuildFile; fileRef = 9651C02A13079DF800CD9C61 /* StationTabBarController.m */; };
		9651C04813079DF800CD9C61 /* StationTabBarController.xib in Resources */ = {isa = PBXBuildFile; fileRef = 9651C02B13079DF800CD9C61 /* StationTabBarController.xib */; };
		9651C04913079DF800CD9C61 /* UIDevice+Hardware.m in Sources */ = {isa = PBXBuildFile; fileRef = 9651C02F13079DF800CD9C61 /* UIDevice+Hardware.m */; };
		9651C06E13079F7300CD9C61 /* Appirater.m in Sources */ = {isa = PBXBuildFile; fileRef = 9651C06B13079F7300CD9C61 /* Appirater.m */; };
		9651C06F13079F7300CD9C61 /* navbg.png in Resources */ = {isa = PBXBuildFile; fileRef = 9651C06C13079F7300CD9C61 /* navbg.png */; };
		9651C07013079F7300CD9C61 /* README.md in Resources */ = {isa = PBXBuildFile; fileRef = 9651C06D13079F7300CD9C61 /* README.md */; };
		9651C07613079F8200CD9C61 /* icon_bookmark.png in Resources */ = {isa = PBXBuildFile; fileRef = 9651C07113079F8200CD9C61 /* icon_bookmark.png */; };
		9651C07713079F8200CD9C61 /* icon_volume.png in Resources */ = {isa = PBXBuildFile; fileRef = 9651C07213079F8200CD9C61 /* icon_volume.png */; };
		9651C07D13079F8D00CD9C61 /* playbutton.png in Resources */ = {isa = PBXBuildFile; fileRef = 9651C07B13079F8D00CD9C61 /* playbutton.png */; };
		9651C07E13079F8D00CD9C61 /* stopbutton.png in Resources */ = {isa = PBXBuildFile; fileRef = 9651C07C13079F8D00CD9C61 /* stopbutton.png */; };
		9651C0811307A02200CD9C61 /* song.m in Sources */ = {isa = PBXBuildFile; fileRef = 9651C0801307A02200CD9C61 /* song.m */; };
		9651C0841307A04500CD9C61 /* radioStation.m in Sources */ = {isa = PBXBuildFile; fileRef = 9651C0831307A04500CD9C61 /* radioStation.m */; };
		9651C0B21307A35800CD9C61 /* libsqlite3.dylib in Frameworks */ = {isa = PBXBuildFile; fileRef = 9651C0B11307A35800CD9C61 /* libsqlite3.dylib */; };
		9651C0C11307A5FF00CD9C61 /* AudioToolbox.framework in Frameworks */ = {isa = PBXBuildFile; fileRef = 9651C0BB1307A5D400CD9C61 /* AudioToolbox.framework */; };
		9651C0C21307A5FF00CD9C61 /* CFNetwork.framework in Frameworks */ = {isa = PBXBuildFile; fileRef = 9651C0BC1307A5D500CD9C61 /* CFNetwork.framework */; };
		9651C0C31307A5FF00CD9C61 /* CoreData.framework in Frameworks */ = {isa = PBXBuildFile; fileRef = 9651C0BD1307A5DB00CD9C61 /* CoreData.framework */; };
		9651C0C41307A5FF00CD9C61 /* CoreGraphics.framework in Frameworks */ = {isa = PBXBuildFile; fileRef = 9651C0BE1307A5E000CD9C61 /* CoreGraphics.framework */; };
		9651C0C51307A5FF00CD9C61 /* MediaPlayer.framework in Frameworks */ = {isa = PBXBuildFile; fileRef = 9651C0BF1307A5E800CD9C61 /* MediaPlayer.framework */; };
		9651C0C61307A5FF00CD9C61 /* SystemConfiguration.framework in Frameworks */ = {isa = PBXBuildFile; fileRef = 9651C0C01307A5F100CD9C61 /* SystemConfiguration.framework */; };
		9651C0C81307A6F100CD9C61 /* QuartzCore.framework in Frameworks */ = {isa = PBXBuildFile; fileRef = 9651C0C71307A6F000CD9C61 /* QuartzCore.framework */; };
		9651C0CA1307A7E300CD9C61 /* radiostationDatabase.sqlite in Resources */ = {isa = PBXBuildFile; fileRef = 9651C0C91307A7E300CD9C61 /* radiostationDatabase.sqlite */; };
		9651C0CC1307A81E00CD9C61 /* cellbg.png in Resources */ = {isa = PBXBuildFile; fileRef = 9651C0CB1307A81E00CD9C61 /* cellbg.png */; };
		9651C0CE1307AA0F00CD9C61 /* background.png in Resources */ = {isa = PBXBuildFile; fileRef = 9651C0CD1307AA0F00CD9C61 /* background.png */; };
		9651C0D01307AA4500CD9C61 /* iAd.framework in Frameworks */ = {isa = PBXBuildFile; fileRef = 9651C0CF1307AA4400CD9C61 /* iAd.framework */; settings = {ATTRIBUTES = (Weak, ); }; };
		9651C0D31307ACB500CD9C61 /* DetailView.m in Sources */ = {isa = PBXBuildFile; fileRef = 9651C0D21307ACB300CD9C61 /* DetailView.m */; };
		9651C0D71307AD3A00CD9C61 /* loadingbutton.png in Resources */ = {isa = PBXBuildFile; fileRef = 9651C0D61307AD3A00CD9C61 /* loadingbutton.png */; };
		96608511135E80160028A285 /* DetailViewipad.xib in Resources */ = {isa = PBXBuildFile; fileRef = 96608513135E80160028A285 /* DetailViewipad.xib */; };
		9660851A13624F0C0028A285 /* minusmark.png in Resources */ = {isa = PBXBuildFile; fileRef = 9660851813624F0B0028A285 /* minusmark.png */; };
		9660851B13624F0C0028A285 /* plusmark.png in Resources */ = {isa = PBXBuildFile; fileRef = 9660851913624F0B0028A285 /* plusmark.png */; };
		967796AB132EF59700E600FE /* Default.png in Resources */ = {isa = PBXBuildFile; fileRef = 967796AA132EF59700E600FE /* Default.png */; };
		967796B3132EFA0200E600FE /* Localizable.strings in Resources */ = {isa = PBXBuildFile; fileRef = 967796B1132EFA0200E600FE /* Localizable.strings */; };
		967796B4132EFB2D00E600FE /* DetailView.xib in Resources */ = {isa = PBXBuildFile; fileRef = 967796B6132EFB2D00E600FE /* DetailView.xib */; };
		967796BA132EFB3F00E600FE /* Lyssna_NERadioAppDelegate.m in Sources */ = {isa = PBXBuildFile; fileRef = 967796BC132EFB3F00E600FE /* Lyssna_NERadioAppDelegate.m */; };
		96972D201326B75300E6CE7A /* InAppPurchaseController.m in Sources */ = {isa = PBXBuildFile; fileRef = 96972D1F1326B75200E6CE7A /* InAppPurchaseController.m */; };
		969B0C2A13214D3E00102B8C /* songDetailView.m in Sources */ = {isa = PBXBuildFile; fileRef = 969B0C2813214D3E00102B8C /* songDetailView.m */; };
		969B0C2B13214D3E00102B8C /* songDetailView.xib in Resources */ = {isa = PBXBuildFile; fileRef = 969B0C2913214D3E00102B8C /* songDetailView.xib */; };
		969B0DFB1325B5ED00102B8C /* MessageUI.framework in Frameworks */ = {isa = PBXBuildFile; fileRef = 969B0DFA1325B5ED00102B8C /* MessageUI.framework */; settings = {ATTRIBUTES = (Weak, ); }; };
		969B0E431325BB1200102B8C /* AdWhirlAdapterAdMob.m in Sources */ = {isa = PBXBuildFile; fileRef = 969B0DFF1325BB1200102B8C /* AdWhirlAdapterAdMob.m */; };
		969B0E471325BB1200102B8C /* AdWhirlAdapterIAd.m in Sources */ = {isa = PBXBuildFile; fileRef = 969B0E071325BB1200102B8C /* AdWhirlAdapterIAd.m */; };
		969B0E501325BB1200102B8C /* AdWhirlAdapterCustom.m in Sources */ = {isa = PBXBuildFile; fileRef = 969B0E1D1325BB1200102B8C /* AdWhirlAdapterCustom.m */; };
		969B0E511325BB1200102B8C /* AdWhirlAdapterEvent.m in Sources */ = {isa = PBXBuildFile; fileRef = 969B0E1F1325BB1200102B8C /* AdWhirlAdapterEvent.m */; };
		969B0E521325BB1200102B8C /* AdWhirlAdapterGeneric.m in Sources */ = {isa = PBXBuildFile; fileRef = 969B0E211325BB1200102B8C /* AdWhirlAdapterGeneric.m */; };
		969B0E531325BB1200102B8C /* AdWhirlAdNetworkAdapter+Helpers.m in Sources */ = {isa = PBXBuildFile; fileRef = 969B0E231325BB1200102B8C /* AdWhirlAdNetworkAdapter+Helpers.m */; };
		969B0E541325BB1200102B8C /* AdWhirlAdNetworkAdapter.m in Sources */ = {isa = PBXBuildFile; fileRef = 969B0E241325BB1200102B8C /* AdWhirlAdNetworkAdapter.m */; };
		969B0E551325BB1200102B8C /* AdWhirlAdNetworkConfig.m in Sources */ = {isa = PBXBuildFile; fileRef = 969B0E261325BB1200102B8C /* AdWhirlAdNetworkConfig.m */; };
		969B0E561325BB1200102B8C /* AdWhirlAdNetworkRegistry.m in Sources */ = {isa = PBXBuildFile; fileRef = 969B0E281325BB1200102B8C /* AdWhirlAdNetworkRegistry.m */; };
		969B0E571325BB1200102B8C /* AdWhirlClassWrapper.m in Sources */ = {isa = PBXBuildFile; fileRef = 969B0E2A1325BB1200102B8C /* AdWhirlClassWrapper.m */; };
		969B0E581325BB1200102B8C /* AdWhirlConfig.m in Sources */ = {isa = PBXBuildFile; fileRef = 969B0E2C1325BB1200102B8C /* AdWhirlConfig.m */; };
		969B0E591325BB1200102B8C /* AdWhirlConfigStore.m in Sources */ = {isa = PBXBuildFile; fileRef = 969B0E2E1325BB1200102B8C /* AdWhirlConfigStore.m */; };
		969B0E5A1325BB1200102B8C /* AdWhirlCustomAdView.m in Sources */ = {isa = PBXBuildFile; fileRef = 969B0E301325BB1200102B8C /* AdWhirlCustomAdView.m */; };
		969B0E5B1325BB1200102B8C /* AdWhirlError.m in Sources */ = {isa = PBXBuildFile; fileRef = 969B0E321325BB1200102B8C /* AdWhirlError.m */; };
		969B0E5C1325BB1200102B8C /* AdWhirlLog.m in Sources */ = {isa = PBXBuildFile; fileRef = 969B0E341325BB1200102B8C /* AdWhirlLog.m */; };
		969B0E5D1325BB1200102B8C /* AdWhirlView.m in Sources */ = {isa = PBXBuildFile; fileRef = 969B0E361325BB1200102B8C /* AdWhirlView.m */; };
		969B0E5E1325BB1200102B8C /* AdWhirlWebBrowser.xib in Resources */ = {isa = PBXBuildFile; fileRef = 969B0E371325BB1200102B8C /* AdWhirlWebBrowser.xib */; };
		969B0E5F1325BB1200102B8C /* AdWhirlWebBrowserController.m in Sources */ = {isa = PBXBuildFile; fileRef = 969B0E391325BB1200102B8C /* AdWhirlWebBrowserController.m */; };
		969B0E601325BB1200102B8C /* ARRollerView.m in Sources */ = {isa = PBXBuildFile; fileRef = 969B0E3A1325BB1200102B8C /* ARRollerView.m */; };
		969B0E611325BB1200102B8C /* AWNetworkReachabilityWrapper.m in Sources */ = {isa = PBXBuildFile; fileRef = 969B0E3D1325BB1200102B8C /* AWNetworkReachabilityWrapper.m */; };
		969B0E621325BB1200102B8C /* UIColor+AdWhirlConfig.m in Sources */ = {isa = PBXBuildFile; fileRef = 969B0E3F1325BB1200102B8C /* UIColor+AdWhirlConfig.m */; };
		969B0E7F1325BBAC00102B8C /* CDataScanner.m in Sources */ = {isa = PBXBuildFile; fileRef = 969B0E6A1325BBAC00102B8C /* CDataScanner.m */; };
		969B0E801325BBAC00102B8C /* CDataScanner_Extensions.m in Sources */ = {isa = PBXBuildFile; fileRef = 969B0E6D1325BBAC00102B8C /* CDataScanner_Extensions.m */; };
		969B0E811325BBAC00102B8C /* NSCharacterSet_Extensions.m in Sources */ = {isa = PBXBuildFile; fileRef = 969B0E6F1325BBAC00102B8C /* NSCharacterSet_Extensions.m */; };
		969B0E821325BBAC00102B8C /* NSDictionary_JSONExtensions.m in Sources */ = {isa = PBXBuildFile; fileRef = 969B0E711325BBAC00102B8C /* NSDictionary_JSONExtensions.m */; };
		969B0E831325BBAC00102B8C /* NSScanner_Extensions.m in Sources */ = {isa = PBXBuildFile; fileRef = 969B0E731325BBAC00102B8C /* NSScanner_Extensions.m */; };
		969B0E841325BBAC00102B8C /* CJSONDataSerializer.m in Sources */ = {isa = PBXBuildFile; fileRef = 969B0E761325BBAC00102B8C /* CJSONDataSerializer.m */; };
		969B0E851325BBAC00102B8C /* CJSONDeserializer.m in Sources */ = {isa = PBXBuildFile; fileRef = 969B0E781325BBAC00102B8C /* CJSONDeserializer.m */; };
		969B0E861325BBAC00102B8C /* CJSONScanner.m in Sources */ = {isa = PBXBuildFile; fileRef = 969B0E7A1325BBAC00102B8C /* CJSONScanner.m */; };
		969B0E871325BBAC00102B8C /* CJSONSerializer.m in Sources */ = {isa = PBXBuildFile; fileRef = 969B0E7C1325BBAC00102B8C /* CJSONSerializer.m */; };
		969B0E881325BBAC00102B8C /* CSerializedJSONData.m in Sources */ = {isa = PBXBuildFile; fileRef = 969B0E7E1325BBAC00102B8C /* CSerializedJSONData.m */; };
		969B0E8A1325BC5000102B8C /* libAdMob.a in Frameworks */ = {isa = PBXBuildFile; fileRef = 969B0E891325BC4F00102B8C /* libAdMob.a */; };
		969B0E8C1325BC7900102B8C /* CoreLocation.framework in Frameworks */ = {isa = PBXBuildFile; fileRef = 969B0E8B1325BC7800102B8C /* CoreLocation.framework */; };
		969B0EB1132693A800102B8C /* StoreKit.framework in Frameworks */ = {isa = PBXBuildFile; fileRef = 969B0EB0132693A700102B8C /* StoreKit.framework */; };
		96C52297133ABD2900AFBFEC /* lastPlayedListViewer.xib in Resources */ = {isa = PBXBuildFile; fileRef = 96C52296133ABD2900AFBFEC /* lastPlayedListViewer.xib */; };
/* End PBXBuildFile section */

/* Begin PBXFileReference section */
		9634FEAD134BB3A100FD737D /* Icon-72.png */ = {isa = PBXFileReference; lastKnownFileType = image.png; path = "Icon-72.png"; sourceTree = "<group>"; };
		9634FEB0134BB3C600FD737D /* Icon.png */ = {isa = PBXFileReference; lastKnownFileType = image.png; path = Icon.png; sourceTree = "<group>"; };
		9634FEB4134BB46400FD737D /* Icon@2x.png */ = {isa = PBXFileReference; lastKnownFileType = image.png; path = "Icon@2x.png"; sourceTree = "<group>"; };
		9634FEB8134ED0DD00FD737D /* en */ = {isa = PBXFileReference; lastKnownFileType = file.xib; name = en; path = "iPad/en.lproj/MainWindow-iPad.xib"; sourceTree = "<group>"; };
		9634FEBD134F64BE00FD737D /* Icon-72.png */ = {isa = PBXFileReference; lastKnownFileType = image.png; path = "Icon-72.png"; sourceTree = "<group>"; };
		963A3DFB1350E31E000225B9 /* songDetailViewController.xib */ = {isa = PBXFileReference; fileEncoding = 4; lastKnownFileType = file.xib; path = songDetailViewController.xib; sourceTree = "<group>"; };
		963CEC4F134902A8004659DE /* JHSpotifyAlbumXMLParser.h */ = {isa = PBXFileReference; fileEncoding = 4; lastKnownFileType = sourcecode.c.h; path = JHSpotifyAlbumXMLParser.h; sourceTree = "<group>"; };
		963CEC50134902A8004659DE /* JHSpotifyAlbumXMLParser.m */ = {isa = PBXFileReference; fileEncoding = 4; lastKnownFileType = sourcecode.c.objc; path = JHSpotifyAlbumXMLParser.m; sourceTree = "<group>"; };
		963CEC51134902A8004659DE /* JHSpotifyArtistXMLParser.h */ = {isa = PBXFileReference; fileEncoding = 4; lastKnownFileType = sourcecode.c.h; path = JHSpotifyArtistXMLParser.h; sourceTree = "<group>"; };
		963CEC52134902A8004659DE /* JHSpotifyArtistXMLParser.m */ = {isa = PBXFileReference; fileEncoding = 4; lastKnownFileType = sourcecode.c.objc; path = JHSpotifyArtistXMLParser.m; sourceTree = "<group>"; };
		963CEC53134902A8004659DE /* JHSpotifyEngine.h */ = {isa = PBXFileReference; fileEncoding = 4; lastKnownFileType = sourcecode.c.h; path = JHSpotifyEngine.h; sourceTree = "<group>"; };
		963CEC54134902A8004659DE /* JHSpotifyEngine.m */ = {isa = PBXFileReference; fileEncoding = 4; lastKnownFileType = sourcecode.c.objc; path = JHSpotifyEngine.m; sourceTree = "<group>"; };
		963CEC55134902A8004659DE /* JHSpotifyEngineDelegate.h */ = {isa = PBXFileReference; fileEncoding = 4; lastKnownFileType = sourcecode.c.h; path = JHSpotifyEngineDelegate.h; sourceTree = "<group>"; };
		963CEC56134902A8004659DE /* JHSpotifyGlobalHeader.h */ = {isa = PBXFileReference; fileEncoding = 4; lastKnownFileType = sourcecode.c.h; path = JHSpotifyGlobalHeader.h; sourceTree = "<group>"; };
		963CEC57134902A8004659DE /* JHSpotifyHTTPURLConnection.h */ = {isa = PBXFileReference; fileEncoding = 4; lastKnownFileType = sourcecode.c.h; path = JHSpotifyHTTPURLConnection.h; sourceTree = "<group>"; };
		963CEC58134902A8004659DE /* JHSpotifyHTTPURLConnection.m */ = {isa = PBXFileReference; fileEncoding = 4; lastKnownFileType = sourcecode.c.objc; path = JHSpotifyHTTPURLConnection.m; sourceTree = "<group>"; };
		963CEC59134902A8004659DE /* JHSpotifyParserDelegate.h */ = {isa = PBXFileReference; fileEncoding = 4; lastKnownFileType = sourcecode.c.h; path = JHSpotifyParserDelegate.h; sourceTree = "<group>"; };
		963CEC5A134902A8004659DE /* JHSpotifyRequestTypes.h */ = {isa = PBXFileReference; fileEncoding = 4; lastKnownFileType = sourcecode.c.h; path = JHSpotifyRequestTypes.h; sourceTree = "<group>"; };
		963CEC5B134902A8004659DE /* JHSpotifyTrackXMLParser.h */ = {isa = PBXFileReference; fileEncoding = 4; lastKnownFileType = sourcecode.c.h; path = JHSpotifyTrackXMLParser.h; sourceTree = "<group>"; };
		963CEC5C134902A8004659DE /* JHSpotifyTrackXMLParser.m */ = {isa = PBXFileReference; fileEncoding = 4; lastKnownFileType = sourcecode.c.objc; path = JHSpotifyTrackXMLParser.m; sourceTree = "<group>"; };
		963CEC5D134902A8004659DE /* JHSpotifyXMLParser.h */ = {isa = PBXFileReference; fileEncoding = 4; lastKnownFileType = sourcecode.c.h; path = JHSpotifyXMLParser.h; sourceTree = "<group>"; };
		963CEC5E134902A8004659DE /* JHSpotifyXMLParser.m */ = {isa = PBXFileReference; fileEncoding = 4; lastKnownFileType = sourcecode.c.objc; path = JHSpotifyXMLParser.m; sourceTree = "<group>"; };
		963CEC5F134902A8004659DE /* NSData+Base64.h */ = {isa = PBXFileReference; fileEncoding = 4; lastKnownFileType = sourcecode.c.h; path = "NSData+Base64.h"; sourceTree = "<group>"; };
		963CEC60134902A8004659DE /* NSData+Base64.m */ = {isa = PBXFileReference; fileEncoding = 4; lastKnownFileType = sourcecode.c.objc; path = "NSData+Base64.m"; sourceTree = "<group>"; };
		963CEC61134902A8004659DE /* NSString+UUID.h */ = {isa = PBXFileReference; fileEncoding = 4; lastKnownFileType = sourcecode.c.h; path = "NSString+UUID.h"; sourceTree = "<group>"; };
		963CEC62134902A8004659DE /* NSString+UUID.m */ = {isa = PBXFileReference; fileEncoding = 4; lastKnownFileType = sourcecode.c.objc; path = "NSString+UUID.m"; sourceTree = "<group>"; };
		963CEC6C13490617004659DE /* background@2x.png */ = {isa = PBXFileReference; lastKnownFileType = image.png; path = "background@2x.png"; sourceTree = "<group>"; };
		963CEC6D13490617004659DE /* cellbg@2x.png */ = {isa = PBXFileReference; lastKnownFileType = image.png; path = "cellbg@2x.png"; sourceTree = "<group>"; };
		963CEC6E13490617004659DE /* icon_bookmark@2x.png */ = {isa = PBXFileReference; lastKnownFileType = image.png; path = "icon_bookmark@2x.png"; sourceTree = "<group>"; };
		963CEC6F13490617004659DE /* icon_volume@2x.png */ = {isa = PBXFileReference; lastKnownFileType = image.png; path = "icon_volume@2x.png"; sourceTree = "<group>"; };
		9651BFCD13079CF400CD9C61 /* Lyssna NERadio.app */ = {isa = PBXFileReference; explicitFileType = wrapper.application; includeInIndex = 0; path = "Lyssna NERadio.app"; sourceTree = BUILT_PRODUCTS_DIR; };
		9651BFD113079CF400CD9C61 /* UIKit.framework */ = {isa = PBXFileReference; lastKnownFileType = wrapper.framework; name = UIKit.framework; path = System/Library/Frameworks/UIKit.framework; sourceTree = SDKROOT; };
		9651BFD313079CF400CD9C61 /* Foundation.framework */ = {isa = PBXFileReference; lastKnownFileType = wrapper.framework; name = Foundation.framework; path = System/Library/Frameworks/Foundation.framework; sourceTree = SDKROOT; };
		9651BFD913079CF400CD9C61 /* Lyssna_NERadio-Info.plist */ = {isa = PBXFileReference; lastKnownFileType = text.plist.xml; path = "Lyssna_NERadio-Info.plist"; sourceTree = "<group>"; };
		9651BFDD13079CF400CD9C61 /* Lyssna_NERadio-Prefix.pch */ = {isa = PBXFileReference; lastKnownFileType = sourcecode.c.h; path = "Lyssna_NERadio-Prefix.pch"; sourceTree = "<group>"; };
		9651BFDE13079CF400CD9C61 /* main.m */ = {isa = PBXFileReference; lastKnownFileType = sourcecode.c.objc; path = main.m; sourceTree = "<group>"; };
		9651BFE013079CF400CD9C61 /* Lyssna_NERadioAppDelegate.h */ = {isa = PBXFileReference; lastKnownFileType = sourcecode.c.h; path = Lyssna_NERadioAppDelegate.h; sourceTree = "<group>"; };
		9651BFE413079CF400CD9C61 /* en */ = {isa = PBXFileReference; lastKnownFileType = file.xib; name = en; path = en.lproj/MainWindow.xib; sourceTree = "<group>"; };
		9651C00013079DF800CD9C61 /* addView.h */ = {isa = PBXFileReference; fileEncoding = 4; indentWidth = 4; lastKnownFileType = sourcecode.c.h; path = addView.h; sourceTree = "<group>"; };
		9651C00113079DF800CD9C61 /* addView.m */ = {isa = PBXFileReference; fileEncoding = 4; lastKnownFileType = sourcecode.c.objc; path = addView.m; sourceTree = "<group>"; };
		9651C00213079DF800CD9C61 /* AudioStreamer.h */ = {isa = PBXFileReference; fileEncoding = 4; lastKnownFileType = sourcecode.c.h; path = AudioStreamer.h; sourceTree = "<group>"; };
		9651C00313079DF800CD9C61 /* AudioStreamer.m */ = {isa = PBXFileReference; fileEncoding = 4; lastKnownFileType = sourcecode.c.objc; path = AudioStreamer.m; sourceTree = "<group>"; };
		9651C00D13079DF800CD9C61 /* lastPlayedListViewer.h */ = {isa = PBXFileReference; fileEncoding = 4; lastKnownFileType = sourcecode.c.h; path = lastPlayedListViewer.h; sourceTree = "<group>"; };
		9651C00E13079DF800CD9C61 /* lastPlayedListViewer.m */ = {isa = PBXFileReference; fileEncoding = 4; indentWidth = 4; lastKnownFileType = sourcecode.c.objc; path = lastPlayedListViewer.m; sourceTree = "<group>"; };
		9651C01013079DF800CD9C61 /* LevelMeterView.h */ = {isa = PBXFileReference; fileEncoding = 4; lastKnownFileType = sourcecode.c.h; path = LevelMeterView.h; sourceTree = "<group>"; };
		9651C01113079DF800CD9C61 /* LevelMeterView.m */ = {isa = PBXFileReference; fileEncoding = 4; lastKnownFileType = sourcecode.c.objc; path = LevelMeterView.m; sourceTree = "<group>"; };
		9651C01513079DF800CD9C61 /* radioStation 2.xcdatamodel */ = {isa = PBXFileReference; lastKnownFileType = wrapper.xcdatamodel; path = "radioStation 2.xcdatamodel"; sourceTree = "<group>"; };
		9651C01613079DF800CD9C61 /* radioStation.xcdatamodel */ = {isa = PBXFileReference; lastKnownFileType = wrapper.xcdatamodel; path = radioStation.xcdatamodel; sourceTree = "<group>"; };
		9651C01713079DF800CD9C61 /* radiostationerTableViewController.h */ = {isa = PBXFileReference; fileEncoding = 4; lastKnownFileType = sourcecode.c.h; path = radiostationerTableViewController.h; sourceTree = "<group>"; };
		9651C01813079DF800CD9C61 /* radiostationerTableViewController.m */ = {isa = PBXFileReference; fileEncoding = 4; lastKnownFileType = sourcecode.c.objc; path = radiostationerTableViewController.m; sourceTree = "<group>"; };
		9651C01913079DF800CD9C61 /* radiostationerTableViewController.xib */ = {isa = PBXFileReference; fileEncoding = 4; lastKnownFileType = file.xib; name = radiostationerTableViewController.xib; path = Classes/radiostationerTableViewController.xib; sourceTree = "<group>"; };
		9651C01A13079DF800CD9C61 /* RootViewController.h */ = {isa = PBXFileReference; fileEncoding = 4; lastKnownFileType = sourcecode.c.h; path = RootViewController.h; sourceTree = "<group>"; };
		9651C01B13079DF800CD9C61 /* RootViewController.m */ = {isa = PBXFileReference; fileEncoding = 4; lastKnownFileType = sourcecode.c.objc; path = RootViewController.m; sourceTree = "<group>"; };
		9651C01E13079DF800CD9C61 /* songtableviewCell.h */ = {isa = PBXFileReference; fileEncoding = 4; lastKnownFileType = sourcecode.c.h; path = songtableviewCell.h; sourceTree = "<group>"; };
		9651C01F13079DF800CD9C61 /* songtableviewCell.m */ = {isa = PBXFileReference; fileEncoding = 4; lastKnownFileType = sourcecode.c.objc; path = songtableviewCell.m; sourceTree = "<group>"; };
		9651C02113079DF800CD9C61 /* stationCell.h */ = {isa = PBXFileReference; fileEncoding = 4; lastKnownFileType = sourcecode.c.h; path = stationCell.h; sourceTree = "<group>"; };
		9651C02213079DF800CD9C61 /* stationCell.m */ = {isa = PBXFileReference; fileEncoding = 4; lastKnownFileType = sourcecode.c.objc; path = stationCell.m; sourceTree = "<group>"; };
		9651C02313079DF800CD9C61 /* stationCell.xib */ = {isa = PBXFileReference; fileEncoding = 4; lastKnownFileType = file.xib; name = stationCell.xib; path = Classes/stationCell.xib; sourceTree = "<group>"; };
		9651C02613079DF800CD9C61 /* stationPlayedSongs.h */ = {isa = PBXFileReference; fileEncoding = 4; lastKnownFileType = sourcecode.c.h; path = stationPlayedSongs.h; sourceTree = "<group>"; };
		9651C02713079DF800CD9C61 /* stationPlayedSongs.m */ = {isa = PBXFileReference; fileEncoding = 4; lastKnownFileType = sourcecode.c.objc; path = stationPlayedSongs.m; sourceTree = "<group>"; };
		9651C02813079DF800CD9C61 /* stationPlayedSongs.xib */ = {isa = PBXFileReference; fileEncoding = 4; lastKnownFileType = file.xib; name = stationPlayedSongs.xib; path = Classes/stationPlayedSongs.xib; sourceTree = "<group>"; };
		9651C02913079DF800CD9C61 /* StationTabBarController.h */ = {isa = PBXFileReference; fileEncoding = 4; lastKnownFileType = sourcecode.c.h; path = StationTabBarController.h; sourceTree = "<group>"; };
		9651C02A13079DF800CD9C61 /* StationTabBarController.m */ = {isa = PBXFileReference; fileEncoding = 4; lastKnownFileType = sourcecode.c.objc; path = StationTabBarController.m; sourceTree = "<group>"; };
		9651C02B13079DF800CD9C61 /* StationTabBarController.xib */ = {isa = PBXFileReference; fileEncoding = 4; lastKnownFileType = file.xib; name = StationTabBarController.xib; path = Classes/StationTabBarController.xib; sourceTree = "<group>"; };
		9651C02E13079DF800CD9C61 /* UIDevice+Hardware.h */ = {isa = PBXFileReference; fileEncoding = 4; lastKnownFileType = sourcecode.c.h; path = "UIDevice+Hardware.h"; sourceTree = "<group>"; };
		9651C02F13079DF800CD9C61 /* UIDevice+Hardware.m */ = {isa = PBXFileReference; fileEncoding = 4; lastKnownFileType = sourcecode.c.objc; path = "UIDevice+Hardware.m"; sourceTree = "<group>"; };
		9651C06A13079F7300CD9C61 /* Appirater.h */ = {isa = PBXFileReference; fileEncoding = 4; lastKnownFileType = sourcecode.c.h; path = Appirater.h; sourceTree = "<group>"; };
		9651C06B13079F7300CD9C61 /* Appirater.m */ = {isa = PBXFileReference; fileEncoding = 4; lastKnownFileType = sourcecode.c.objc; path = Appirater.m; sourceTree = "<group>"; };
		9651C06C13079F7300CD9C61 /* navbg.png */ = {isa = PBXFileReference; lastKnownFileType = image.png; path = navbg.png; sourceTree = "<group>"; };
		9651C06D13079F7300CD9C61 /* README.md */ = {isa = PBXFileReference; fileEncoding = 4; lastKnownFileType = text; path = README.md; sourceTree = "<group>"; };
		9651C07113079F8200CD9C61 /* icon_bookmark.png */ = {isa = PBXFileReference; lastKnownFileType = image.png; path = icon_bookmark.png; sourceTree = "<group>"; };
		9651C07213079F8200CD9C61 /* icon_volume.png */ = {isa = PBXFileReference; lastKnownFileType = image.png; path = icon_volume.png; sourceTree = "<group>"; };
		9651C07B13079F8D00CD9C61 /* playbutton.png */ = {isa = PBXFileReference; lastKnownFileType = image.png; path = playbutton.png; sourceTree = "<group>"; };
		9651C07C13079F8D00CD9C61 /* stopbutton.png */ = {isa = PBXFileReference; lastKnownFileType = image.png; path = stopbutton.png; sourceTree = "<group>"; };
		9651C07F1307A02200CD9C61 /* song.h */ = {isa = PBXFileReference; fileEncoding = 4; lastKnownFileType = sourcecode.c.h; path = song.h; sourceTree = "<group>"; };
		9651C0801307A02200CD9C61 /* song.m */ = {isa = PBXFileReference; fileEncoding = 4; lastKnownFileType = sourcecode.c.objc; path = song.m; sourceTree = "<group>"; };
		9651C0821307A04500CD9C61 /* radioStation.h */ = {isa = PBXFileReference; fileEncoding = 4; lastKnownFileType = sourcecode.c.h; path = radioStation.h; sourceTree = "<group>"; };
		9651C0831307A04500CD9C61 /* radioStation.m */ = {isa = PBXFileReference; fileEncoding = 4; lastKnownFileType = sourcecode.c.objc; path = radioStation.m; sourceTree = "<group>"; };
		9651C0B11307A35800CD9C61 /* libsqlite3.dylib */ = {isa = PBXFileReference; lastKnownFileType = "compiled.mach-o.dylib"; path = libsqlite3.dylib; sourceTree = "<group>"; };
		9651C0BB1307A5D400CD9C61 /* AudioToolbox.framework */ = {isa = PBXFileReference; lastKnownFileType = wrapper.framework; name = AudioToolbox.framework; path = System/Library/Frameworks/AudioToolbox.framework; sourceTree = SDKROOT; };
		9651C0BC1307A5D500CD9C61 /* CFNetwork.framework */ = {isa = PBXFileReference; lastKnownFileType = wrapper.framework; name = CFNetwork.framework; path = System/Library/Frameworks/CFNetwork.framework; sourceTree = SDKROOT; };
		9651C0BD1307A5DB00CD9C61 /* CoreData.framework */ = {isa = PBXFileReference; lastKnownFileType = wrapper.framework; name = CoreData.framework; path = System/Library/Frameworks/CoreData.framework; sourceTree = SDKROOT; };
		9651C0BE1307A5E000CD9C61 /* CoreGraphics.framework */ = {isa = PBXFileReference; lastKnownFileType = wrapper.framework; name = CoreGraphics.framework; path = System/Library/Frameworks/CoreGraphics.framework; sourceTree = SDKROOT; };
		9651C0BF1307A5E800CD9C61 /* MediaPlayer.framework */ = {isa = PBXFileReference; lastKnownFileType = wrapper.framework; name = MediaPlayer.framework; path = System/Library/Frameworks/MediaPlayer.framework; sourceTree = SDKROOT; };
		9651C0C01307A5F100CD9C61 /* SystemConfiguration.framework */ = {isa = PBXFileReference; lastKnownFileType = wrapper.framework; name = SystemConfiguration.framework; path = System/Library/Frameworks/SystemConfiguration.framework; sourceTree = SDKROOT; };
		9651C0C71307A6F000CD9C61 /* QuartzCore.framework */ = {isa = PBXFileReference; lastKnownFileType = wrapper.framework; name = QuartzCore.framework; path = System/Library/Frameworks/QuartzCore.framework; sourceTree = SDKROOT; };
		9651C0C91307A7E300CD9C61 /* radiostationDatabase.sqlite */ = {isa = PBXFileReference; lastKnownFileType = file; path = radiostationDatabase.sqlite; sourceTree = "<group>"; };
		9651C0CB1307A81E00CD9C61 /* cellbg.png */ = {isa = PBXFileReference; lastKnownFileType = image.png; path = cellbg.png; sourceTree = "<group>"; };
		9651C0CD1307AA0F00CD9C61 /* background.png */ = {isa = PBXFileReference; lastKnownFileType = image.png; path = background.png; sourceTree = "<group>"; };
		9651C0CF1307AA4400CD9C61 /* iAd.framework */ = {isa = PBXFileReference; lastKnownFileType = wrapper.framework; name = iAd.framework; path = System/Library/Frameworks/iAd.framework; sourceTree = SDKROOT; };
		9651C0D11307ACB200CD9C61 /* DetailView.h */ = {isa = PBXFileReference; fileEncoding = 4; lastKnownFileType = sourcecode.c.h; path = DetailView.h; sourceTree = "<group>"; };
		9651C0D21307ACB300CD9C61 /* DetailView.m */ = {isa = PBXFileReference; fileEncoding = 4; lastKnownFileType = sourcecode.c.objc; path = DetailView.m; sourceTree = "<group>"; };
		9651C0D61307AD3A00CD9C61 /* loadingbutton.png */ = {isa = PBXFileReference; lastKnownFileType = image.png; path = loadingbutton.png; sourceTree = "<group>"; };
		9660850F135E7AC90028A285 /* nl */ = {isa = PBXFileReference; lastKnownFileType = text.plist.strings; name = nl; path = nl.lproj/Localizable.strings; sourceTree = "<group>"; };
		96608510135E7C610028A285 /* es */ = {isa = PBXFileReference; lastKnownFileType = text.plist.strings; name = es; path = es.lproj/Localizable.strings; sourceTree = "<group>"; };
		96608512135E80160028A285 /* en */ = {isa = PBXFileReference; lastKnownFileType = file.xib; name = en; path = en.lproj/DetailViewipad.xib; sourceTree = "<group>"; };
		96608515135E80770028A285 /* nl */ = {isa = PBXFileReference; lastKnownFileType = file.xib; name = nl; path = nl.lproj/MainWindow.xib; sourceTree = "<group>"; };
		96608516135E81140028A285 /* es */ = {isa = PBXFileReference; lastKnownFileType = file.xib; name = es; path = es.lproj/MainWindow.xib; sourceTree = "<group>"; };
		96608517135E832C0028A285 /* nb */ = {isa = PBXFileReference; lastKnownFileType = text.plist.strings; name = nb; path = nb.lproj/Localizable.strings; sourceTree = "<group>"; };
		9660851813624F0B0028A285 /* minusmark.png */ = {isa = PBXFileReference; lastKnownFileType = image.png; path = minusmark.png; sourceTree = "<group>"; };
		9660851913624F0B0028A285 /* plusmark.png */ = {isa = PBXFileReference; lastKnownFileType = image.png; path = plusmark.png; sourceTree = "<group>"; };
		966B484F1365F94D0091DBF0 /* sv */ = {isa = PBXFileReference; lastKnownFileType = file.xib; name = sv; path = "sv.lproj/MainWindow-iPad.xib"; sourceTree = "<group>"; };
		966B48501365F9510091DBF0 /* nl */ = {isa = PBXFileReference; lastKnownFileType = file.xib; name = nl; path = "nl.lproj/MainWindow-iPad.xib"; sourceTree = "<group>"; };
		966B48511365F9530091DBF0 /* es */ = {isa = PBXFileReference; lastKnownFileType = file.xib; name = es; path = "es.lproj/MainWindow-iPad.xib"; sourceTree = "<group>"; };
		966B48521365F9560091DBF0 /* nb */ = {isa = PBXFileReference; lastKnownFileType = file.xib; name = nb; path = "nb.lproj/MainWindow-iPad.xib"; sourceTree = "<group>"; };
		966B48531365F95D0091DBF0 /* nb */ = {isa = PBXFileReference; lastKnownFileType = file.xib; name = nb; path = nb.lproj/MainWindow.xib; sourceTree = "<group>"; };
		967796AA132EF59700E600FE /* Default.png */ = {isa = PBXFileReference; lastKnownFileType = image.png; path = Default.png; sourceTree = "<group>"; };
		967796AD132EF79600E600FE /* sv */ = {isa = PBXFileReference; lastKnownFileType = file.xib; name = sv; path = "/Radiolyssnaren3/Lyssna NERadio/Lyssna NERadio/sv.lproj/MainWindow.xib"; sourceTree = "<absolute>"; };
		967796B2132EFA0200E600FE /* English */ = {isa = PBXFileReference; lastKnownFileType = text.plist.strings; name = English; path = Classes/English.lproj/Localizable.strings; sourceTree = "<group>"; };
		967796B5132EFB2D00E600FE /* en */ = {isa = PBXFileReference; lastKnownFileType = file.xib; name = en; path = en.lproj/DetailView.xib; sourceTree = "<group>"; };
		967796BB132EFB3F00E600FE /* en */ = {isa = PBXFileReference; lastKnownFileType = sourcecode.c.objc; name = en; path = en.lproj/Lyssna_NERadioAppDelegate.m; sourceTree = "<group>"; };
		967796BD132EFB4300E600FE /* sv */ = {isa = PBXFileReference; lastKnownFileType = text.plist.strings; name = sv; path = sv.lproj/Localizable.strings; sourceTree = "<group>"; };
		96972D1E1326B75200E6CE7A /* InAppPurchaseController.h */ = {isa = PBXFileReference; fileEncoding = 4; lastKnownFileType = sourcecode.c.h; path = InAppPurchaseController.h; sourceTree = "<group>"; };
		96972D1F1326B75200E6CE7A /* InAppPurchaseController.m */ = {isa = PBXFileReference; fileEncoding = 4; lastKnownFileType = sourcecode.c.objc; path = InAppPurchaseController.m; sourceTree = "<group>"; };
		969B0C2713214D3E00102B8C /* songDetailView.h */ = {isa = PBXFileReference; fileEncoding = 4; lastKnownFileType = sourcecode.c.h; path = songDetailView.h; sourceTree = "<group>"; };
		969B0C2813214D3E00102B8C /* songDetailView.m */ = {isa = PBXFileReference; fileEncoding = 4; lastKnownFileType = sourcecode.c.objc; path = songDetailView.m; sourceTree = "<group>"; };
		969B0C2913214D3E00102B8C /* songDetailView.xib */ = {isa = PBXFileReference; fileEncoding = 4; lastKnownFileType = file.xib; name = songDetailView.xib; path = Classes/songDetailView.xib; sourceTree = "<group>"; };
		969B0DFA1325B5ED00102B8C /* MessageUI.framework */ = {isa = PBXFileReference; lastKnownFileType = wrapper.framework; name = MessageUI.framework; path = System/Library/Frameworks/MessageUI.framework; sourceTree = SDKROOT; };
		969B0DFE1325BB1200102B8C /* AdWhirlAdapterAdMob.h */ = {isa = PBXFileReference; fileEncoding = 4; lastKnownFileType = sourcecode.c.h; path = AdWhirlAdapterAdMob.h; sourceTree = "<group>"; };
		969B0DFF1325BB1200102B8C /* AdWhirlAdapterAdMob.m */ = {isa = PBXFileReference; fileEncoding = 4; lastKnownFileType = sourcecode.c.objc; path = AdWhirlAdapterAdMob.m; sourceTree = "<group>"; };
		969B0E061325BB1200102B8C /* AdWhirlAdapterIAd.h */ = {isa = PBXFileReference; fileEncoding = 4; lastKnownFileType = sourcecode.c.h; path = AdWhirlAdapterIAd.h; sourceTree = "<group>"; };
		969B0E071325BB1200102B8C /* AdWhirlAdapterIAd.m */ = {isa = PBXFileReference; fileEncoding = 4; lastKnownFileType = sourcecode.c.objc; path = AdWhirlAdapterIAd.m; sourceTree = "<group>"; };
		969B0E181325BB1200102B8C /* AdWhirlAdNetworkAdapter.h */ = {isa = PBXFileReference; fileEncoding = 4; lastKnownFileType = sourcecode.c.h; path = AdWhirlAdNetworkAdapter.h; sourceTree = "<group>"; };
		969B0E191325BB1200102B8C /* AdWhirlDelegateProtocol.h */ = {isa = PBXFileReference; fileEncoding = 4; lastKnownFileType = sourcecode.c.h; path = AdWhirlDelegateProtocol.h; sourceTree = "<group>"; };
		969B0E1A1325BB1200102B8C /* AdWhirlView.h */ = {isa = PBXFileReference; fileEncoding = 4; lastKnownFileType = sourcecode.c.h; path = AdWhirlView.h; sourceTree = "<group>"; };
		969B0E1C1325BB1200102B8C /* AdWhirlAdapterCustom.h */ = {isa = PBXFileReference; fileEncoding = 4; lastKnownFileType = sourcecode.c.h; path = AdWhirlAdapterCustom.h; sourceTree = "<group>"; };
		969B0E1D1325BB1200102B8C /* AdWhirlAdapterCustom.m */ = {isa = PBXFileReference; fileEncoding = 4; lastKnownFileType = sourcecode.c.objc; path = AdWhirlAdapterCustom.m; sourceTree = "<group>"; };
		969B0E1E1325BB1200102B8C /* AdWhirlAdapterEvent.h */ = {isa = PBXFileReference; fileEncoding = 4; lastKnownFileType = sourcecode.c.h; path = AdWhirlAdapterEvent.h; sourceTree = "<group>"; };
		969B0E1F1325BB1200102B8C /* AdWhirlAdapterEvent.m */ = {isa = PBXFileReference; fileEncoding = 4; lastKnownFileType = sourcecode.c.objc; path = AdWhirlAdapterEvent.m; sourceTree = "<group>"; };
		969B0E201325BB1200102B8C /* AdWhirlAdapterGeneric.h */ = {isa = PBXFileReference; fileEncoding = 4; lastKnownFileType = sourcecode.c.h; path = AdWhirlAdapterGeneric.h; sourceTree = "<group>"; };
		969B0E211325BB1200102B8C /* AdWhirlAdapterGeneric.m */ = {isa = PBXFileReference; fileEncoding = 4; lastKnownFileType = sourcecode.c.objc; path = AdWhirlAdapterGeneric.m; sourceTree = "<group>"; };
		969B0E221325BB1200102B8C /* AdWhirlAdNetworkAdapter+Helpers.h */ = {isa = PBXFileReference; fileEncoding = 4; lastKnownFileType = sourcecode.c.h; path = "AdWhirlAdNetworkAdapter+Helpers.h"; sourceTree = "<group>"; };
		969B0E231325BB1200102B8C /* AdWhirlAdNetworkAdapter+Helpers.m */ = {isa = PBXFileReference; fileEncoding = 4; lastKnownFileType = sourcecode.c.objc; path = "AdWhirlAdNetworkAdapter+Helpers.m"; sourceTree = "<group>"; };
		969B0E241325BB1200102B8C /* AdWhirlAdNetworkAdapter.m */ = {isa = PBXFileReference; fileEncoding = 4; lastKnownFileType = sourcecode.c.objc; path = AdWhirlAdNetworkAdapter.m; sourceTree = "<group>"; };
		969B0E251325BB1200102B8C /* AdWhirlAdNetworkConfig.h */ = {isa = PBXFileReference; fileEncoding = 4; lastKnownFileType = sourcecode.c.h; path = AdWhirlAdNetworkConfig.h; sourceTree = "<group>"; };
		969B0E261325BB1200102B8C /* AdWhirlAdNetworkConfig.m */ = {isa = PBXFileReference; fileEncoding = 4; lastKnownFileType = sourcecode.c.objc; path = AdWhirlAdNetworkConfig.m; sourceTree = "<group>"; };
		969B0E271325BB1200102B8C /* AdWhirlAdNetworkRegistry.h */ = {isa = PBXFileReference; fileEncoding = 4; lastKnownFileType = sourcecode.c.h; path = AdWhirlAdNetworkRegistry.h; sourceTree = "<group>"; };
		969B0E281325BB1200102B8C /* AdWhirlAdNetworkRegistry.m */ = {isa = PBXFileReference; fileEncoding = 4; lastKnownFileType = sourcecode.c.objc; path = AdWhirlAdNetworkRegistry.m; sourceTree = "<group>"; };
		969B0E291325BB1200102B8C /* AdWhirlClassWrapper.h */ = {isa = PBXFileReference; fileEncoding = 4; lastKnownFileType = sourcecode.c.h; path = AdWhirlClassWrapper.h; sourceTree = "<group>"; };
		969B0E2A1325BB1200102B8C /* AdWhirlClassWrapper.m */ = {isa = PBXFileReference; fileEncoding = 4; lastKnownFileType = sourcecode.c.objc; path = AdWhirlClassWrapper.m; sourceTree = "<group>"; };
		969B0E2B1325BB1200102B8C /* AdWhirlConfig.h */ = {isa = PBXFileReference; fileEncoding = 4; lastKnownFileType = sourcecode.c.h; path = AdWhirlConfig.h; sourceTree = "<group>"; };
		969B0E2C1325BB1200102B8C /* AdWhirlConfig.m */ = {isa = PBXFileReference; fileEncoding = 4; lastKnownFileType = sourcecode.c.objc; path = AdWhirlConfig.m; sourceTree = "<group>"; };
		969B0E2D1325BB1200102B8C /* AdWhirlConfigStore.h */ = {isa = PBXFileReference; fileEncoding = 4; lastKnownFileType = sourcecode.c.h; path = AdWhirlConfigStore.h; sourceTree = "<group>"; };
		969B0E2E1325BB1200102B8C /* AdWhirlConfigStore.m */ = {isa = PBXFileReference; fileEncoding = 4; lastKnownFileType = sourcecode.c.objc; path = AdWhirlConfigStore.m; sourceTree = "<group>"; };
		969B0E2F1325BB1200102B8C /* AdWhirlCustomAdView.h */ = {isa = PBXFileReference; fileEncoding = 4; lastKnownFileType = sourcecode.c.h; path = AdWhirlCustomAdView.h; sourceTree = "<group>"; };
		969B0E301325BB1200102B8C /* AdWhirlCustomAdView.m */ = {isa = PBXFileReference; fileEncoding = 4; lastKnownFileType = sourcecode.c.objc; path = AdWhirlCustomAdView.m; sourceTree = "<group>"; };
		969B0E311325BB1200102B8C /* AdWhirlError.h */ = {isa = PBXFileReference; fileEncoding = 4; lastKnownFileType = sourcecode.c.h; path = AdWhirlError.h; sourceTree = "<group>"; };
		969B0E321325BB1200102B8C /* AdWhirlError.m */ = {isa = PBXFileReference; fileEncoding = 4; lastKnownFileType = sourcecode.c.objc; path = AdWhirlError.m; sourceTree = "<group>"; };
		969B0E331325BB1200102B8C /* AdWhirlLog.h */ = {isa = PBXFileReference; fileEncoding = 4; lastKnownFileType = sourcecode.c.h; path = AdWhirlLog.h; sourceTree = "<group>"; };
		969B0E341325BB1200102B8C /* AdWhirlLog.m */ = {isa = PBXFileReference; fileEncoding = 4; lastKnownFileType = sourcecode.c.objc; path = AdWhirlLog.m; sourceTree = "<group>"; };
		969B0E351325BB1200102B8C /* AdWhirlView+.h */ = {isa = PBXFileReference; fileEncoding = 4; lastKnownFileType = sourcecode.c.h; path = "AdWhirlView+.h"; sourceTree = "<group>"; };
		969B0E361325BB1200102B8C /* AdWhirlView.m */ = {isa = PBXFileReference; fileEncoding = 4; lastKnownFileType = sourcecode.c.objc; path = AdWhirlView.m; sourceTree = "<group>"; };
		969B0E371325BB1200102B8C /* AdWhirlWebBrowser.xib */ = {isa = PBXFileReference; fileEncoding = 4; lastKnownFileType = file.xib; path = AdWhirlWebBrowser.xib; sourceTree = "<group>"; };
		969B0E381325BB1200102B8C /* AdWhirlWebBrowserController.h */ = {isa = PBXFileReference; fileEncoding = 4; lastKnownFileType = sourcecode.c.h; path = AdWhirlWebBrowserController.h; sourceTree = "<group>"; };
		969B0E391325BB1200102B8C /* AdWhirlWebBrowserController.m */ = {isa = PBXFileReference; fileEncoding = 4; lastKnownFileType = sourcecode.c.objc; path = AdWhirlWebBrowserController.m; sourceTree = "<group>"; };
		969B0E3A1325BB1200102B8C /* ARRollerView.m */ = {isa = PBXFileReference; fileEncoding = 4; lastKnownFileType = sourcecode.c.objc; path = ARRollerView.m; sourceTree = "<group>"; };
		969B0E3B1325BB1200102B8C /* AWNetworkReachabilityDelegate.h */ = {isa = PBXFileReference; fileEncoding = 4; lastKnownFileType = sourcecode.c.h; path = AWNetworkReachabilityDelegate.h; sourceTree = "<group>"; };
		969B0E3C1325BB1200102B8C /* AWNetworkReachabilityWrapper.h */ = {isa = PBXFileReference; fileEncoding = 4; lastKnownFileType = sourcecode.c.h; path = AWNetworkReachabilityWrapper.h; sourceTree = "<group>"; };
		969B0E3D1325BB1200102B8C /* AWNetworkReachabilityWrapper.m */ = {isa = PBXFileReference; fileEncoding = 4; lastKnownFileType = sourcecode.c.objc; path = AWNetworkReachabilityWrapper.m; sourceTree = "<group>"; };
		969B0E3E1325BB1200102B8C /* UIColor+AdWhirlConfig.h */ = {isa = PBXFileReference; fileEncoding = 4; lastKnownFileType = sourcecode.c.h; path = "UIColor+AdWhirlConfig.h"; sourceTree = "<group>"; };
		969B0E3F1325BB1200102B8C /* UIColor+AdWhirlConfig.m */ = {isa = PBXFileReference; fileEncoding = 4; lastKnownFileType = sourcecode.c.objc; path = "UIColor+AdWhirlConfig.m"; sourceTree = "<group>"; };
		969B0E411325BB1200102B8C /* ARRollerProtocol.h */ = {isa = PBXFileReference; fileEncoding = 4; lastKnownFileType = sourcecode.c.h; path = ARRollerProtocol.h; sourceTree = "<group>"; };
		969B0E421325BB1200102B8C /* ARRollerView.h */ = {isa = PBXFileReference; fileEncoding = 4; lastKnownFileType = sourcecode.c.h; path = ARRollerView.h; sourceTree = "<group>"; };
		969B0E641325BB3500102B8C /* AdMobDelegateProtocol.h */ = {isa = PBXFileReference; fileEncoding = 4; lastKnownFileType = sourcecode.c.h; path = AdMobDelegateProtocol.h; sourceTree = "<group>"; };
		969B0E651325BB3500102B8C /* AdMobInterstitialAd.h */ = {isa = PBXFileReference; fileEncoding = 4; lastKnownFileType = sourcecode.c.h; path = AdMobInterstitialAd.h; sourceTree = "<group>"; };
		969B0E661325BB3500102B8C /* AdMobInterstitialDelegateProtocol.h */ = {isa = PBXFileReference; fileEncoding = 4; lastKnownFileType = sourcecode.c.h; path = AdMobInterstitialDelegateProtocol.h; sourceTree = "<group>"; };
		969B0E671325BB3500102B8C /* AdMobView.h */ = {isa = PBXFileReference; fileEncoding = 4; lastKnownFileType = sourcecode.c.h; path = AdMobView.h; sourceTree = "<group>"; };
		969B0E691325BBAC00102B8C /* CDataScanner.h */ = {isa = PBXFileReference; fileEncoding = 4; lastKnownFileType = sourcecode.c.h; path = CDataScanner.h; sourceTree = "<group>"; };
		969B0E6A1325BBAC00102B8C /* CDataScanner.m */ = {isa = PBXFileReference; fileEncoding = 4; lastKnownFileType = sourcecode.c.objc; path = CDataScanner.m; sourceTree = "<group>"; };
		969B0E6C1325BBAC00102B8C /* CDataScanner_Extensions.h */ = {isa = PBXFileReference; fileEncoding = 4; lastKnownFileType = sourcecode.c.h; path = CDataScanner_Extensions.h; sourceTree = "<group>"; };
		969B0E6D1325BBAC00102B8C /* CDataScanner_Extensions.m */ = {isa = PBXFileReference; fileEncoding = 4; lastKnownFileType = sourcecode.c.objc; path = CDataScanner_Extensions.m; sourceTree = "<group>"; };
		969B0E6E1325BBAC00102B8C /* NSCharacterSet_Extensions.h */ = {isa = PBXFileReference; fileEncoding = 4; lastKnownFileType = sourcecode.c.h; path = NSCharacterSet_Extensions.h; sourceTree = "<group>"; };
		969B0E6F1325BBAC00102B8C /* NSCharacterSet_Extensions.m */ = {isa = PBXFileReference; fileEncoding = 4; lastKnownFileType = sourcecode.c.objc; path = NSCharacterSet_Extensions.m; sourceTree = "<group>"; };
		969B0E701325BBAC00102B8C /* NSDictionary_JSONExtensions.h */ = {isa = PBXFileReference; fileEncoding = 4; lastKnownFileType = sourcecode.c.h; path = NSDictionary_JSONExtensions.h; sourceTree = "<group>"; };
		969B0E711325BBAC00102B8C /* NSDictionary_JSONExtensions.m */ = {isa = PBXFileReference; fileEncoding = 4; lastKnownFileType = sourcecode.c.objc; path = NSDictionary_JSONExtensions.m; sourceTree = "<group>"; };
		969B0E721325BBAC00102B8C /* NSScanner_Extensions.h */ = {isa = PBXFileReference; fileEncoding = 4; lastKnownFileType = sourcecode.c.h; path = NSScanner_Extensions.h; sourceTree = "<group>"; };
		969B0E731325BBAC00102B8C /* NSScanner_Extensions.m */ = {isa = PBXFileReference; fileEncoding = 4; lastKnownFileType = sourcecode.c.objc; path = NSScanner_Extensions.m; sourceTree = "<group>"; };
		969B0E751325BBAC00102B8C /* CJSONDataSerializer.h */ = {isa = PBXFileReference; fileEncoding = 4; lastKnownFileType = sourcecode.c.h; path = CJSONDataSerializer.h; sourceTree = "<group>"; };
		969B0E761325BBAC00102B8C /* CJSONDataSerializer.m */ = {isa = PBXFileReference; fileEncoding = 4; lastKnownFileType = sourcecode.c.objc; path = CJSONDataSerializer.m; sourceTree = "<group>"; };
		969B0E771325BBAC00102B8C /* CJSONDeserializer.h */ = {isa = PBXFileReference; fileEncoding = 4; lastKnownFileType = sourcecode.c.h; path = CJSONDeserializer.h; sourceTree = "<group>"; };
		969B0E781325BBAC00102B8C /* CJSONDeserializer.m */ = {isa = PBXFileReference; fileEncoding = 4; lastKnownFileType = sourcecode.c.objc; path = CJSONDeserializer.m; sourceTree = "<group>"; };
		969B0E791325BBAC00102B8C /* CJSONScanner.h */ = {isa = PBXFileReference; fileEncoding = 4; lastKnownFileType = sourcecode.c.h; path = CJSONScanner.h; sourceTree = "<group>"; };
		969B0E7A1325BBAC00102B8C /* CJSONScanner.m */ = {isa = PBXFileReference; fileEncoding = 4; lastKnownFileType = sourcecode.c.objc; path = CJSONScanner.m; sourceTree = "<group>"; };
		969B0E7B1325BBAC00102B8C /* CJSONSerializer.h */ = {isa = PBXFileReference; fileEncoding = 4; lastKnownFileType = sourcecode.c.h; path = CJSONSerializer.h; sourceTree = "<group>"; };
		969B0E7C1325BBAC00102B8C /* CJSONSerializer.m */ = {isa = PBXFileReference; fileEncoding = 4; lastKnownFileType = sourcecode.c.objc; path = CJSONSerializer.m; sourceTree = "<group>"; };
		969B0E7D1325BBAC00102B8C /* CSerializedJSONData.h */ = {isa = PBXFileReference; fileEncoding = 4; lastKnownFileType = sourcecode.c.h; path = CSerializedJSONData.h; sourceTree = "<group>"; };
		969B0E7E1325BBAC00102B8C /* CSerializedJSONData.m */ = {isa = PBXFileReference; fileEncoding = 4; lastKnownFileType = sourcecode.c.objc; path = CSerializedJSONData.m; sourceTree = "<group>"; };
		969B0E891325BC4F00102B8C /* libAdMob.a */ = {isa = PBXFileReference; lastKnownFileType = archive.ar; name = libAdMob.a; path = /Users/confacted/Downloads/admob_iphone_sdk/AdMob/libAdMob.a; sourceTree = "<absolute>"; };
		969B0E8B1325BC7800102B8C /* CoreLocation.framework */ = {isa = PBXFileReference; lastKnownFileType = wrapper.framework; name = CoreLocation.framework; path = System/Library/Frameworks/CoreLocation.framework; sourceTree = SDKROOT; };
		969B0EB0132693A700102B8C /* StoreKit.framework */ = {isa = PBXFileReference; lastKnownFileType = wrapper.framework; name = StoreKit.framework; path = System/Library/Frameworks/StoreKit.framework; sourceTree = SDKROOT; };
		96C52296133ABD2900AFBFEC /* lastPlayedListViewer.xib */ = {isa = PBXFileReference; fileEncoding = 4; lastKnownFileType = file.xib; path = lastPlayedListViewer.xib; sourceTree = "<group>"; };
/* End PBXFileReference section */

/* Begin PBXFrameworksBuildPhase section */
		9651BFCA13079CF400CD9C61 /* Frameworks */ = {
			isa = PBXFrameworksBuildPhase;
			buildActionMask = 2147483647;
			files = (
				969B0EB1132693A800102B8C /* StoreKit.framework in Frameworks */,
				969B0E8C1325BC7900102B8C /* CoreLocation.framework in Frameworks */,
				969B0E8A1325BC5000102B8C /* libAdMob.a in Frameworks */,
				969B0DFB1325B5ED00102B8C /* MessageUI.framework in Frameworks */,
				9651C0D01307AA4500CD9C61 /* iAd.framework in Frameworks */,
				9651C0C81307A6F100CD9C61 /* QuartzCore.framework in Frameworks */,
				9651C0C11307A5FF00CD9C61 /* AudioToolbox.framework in Frameworks */,
				9651C0C21307A5FF00CD9C61 /* CFNetwork.framework in Frameworks */,
				9651C0C31307A5FF00CD9C61 /* CoreData.framework in Frameworks */,
				9651C0C41307A5FF00CD9C61 /* CoreGraphics.framework in Frameworks */,
				9651C0C51307A5FF00CD9C61 /* MediaPlayer.framework in Frameworks */,
				9651C0C61307A5FF00CD9C61 /* SystemConfiguration.framework in Frameworks */,
				9651BFD213079CF400CD9C61 /* UIKit.framework in Frameworks */,
				9651BFD413079CF400CD9C61 /* Foundation.framework in Frameworks */,
				9651C0B21307A35800CD9C61 /* libsqlite3.dylib in Frameworks */,
			);
			runOnlyForDeploymentPostprocessing = 0;
		};
/* End PBXFrameworksBuildPhase section */

/* Begin PBXGroup section */
		9634FEB6134ED0D800FD737D /* iPad */ = {
			isa = PBXGroup;
			children = (
				963A3DFB1350E31E000225B9 /* songDetailViewController.xib */,
				96608513135E80160028A285 /* DetailViewipad.xib */,
				9634FEB7134ED0DD00FD737D /* MainWindow-iPad.xib */,
			);
			name = iPad;
			sourceTree = "<group>";
		};
		963CEC4E134902A8004659DE /* JHSpotifyEngine */ = {
			isa = PBXGroup;
			children = (
				963CEC4F134902A8004659DE /* JHSpotifyAlbumXMLParser.h */,
				963CEC50134902A8004659DE /* JHSpotifyAlbumXMLParser.m */,
				963CEC51134902A8004659DE /* JHSpotifyArtistXMLParser.h */,
				963CEC52134902A8004659DE /* JHSpotifyArtistXMLParser.m */,
				963CEC53134902A8004659DE /* JHSpotifyEngine.h */,
				963CEC54134902A8004659DE /* JHSpotifyEngine.m */,
				963CEC55134902A8004659DE /* JHSpotifyEngineDelegate.h */,
				963CEC56134902A8004659DE /* JHSpotifyGlobalHeader.h */,
				963CEC57134902A8004659DE /* JHSpotifyHTTPURLConnection.h */,
				963CEC58134902A8004659DE /* JHSpotifyHTTPURLConnection.m */,
				963CEC59134902A8004659DE /* JHSpotifyParserDelegate.h */,
				963CEC5A134902A8004659DE /* JHSpotifyRequestTypes.h */,
				963CEC5B134902A8004659DE /* JHSpotifyTrackXMLParser.h */,
				963CEC5C134902A8004659DE /* JHSpotifyTrackXMLParser.m */,
				963CEC5D134902A8004659DE /* JHSpotifyXMLParser.h */,
				963CEC5E134902A8004659DE /* JHSpotifyXMLParser.m */,
				963CEC5F134902A8004659DE /* NSData+Base64.h */,
				963CEC60134902A8004659DE /* NSData+Base64.m */,
				963CEC61134902A8004659DE /* NSString+UUID.h */,
				963CEC62134902A8004659DE /* NSString+UUID.m */,
			);
			name = JHSpotifyEngine;
			path = ../../../RadioLyssnaren/JHSpotifyEngine;
			sourceTree = "<group>";
		};
		9651BFC213079CF400CD9C61 = {
			isa = PBXGroup;
			children = (
				9634FEBD134F64BE00FD737D /* Icon-72.png */,
				9651BFD713079CF400CD9C61 /* Lyssna NERadio */,
				9651C06813079E4400CD9C61 /* xibs */,
				9651BFD013079CF400CD9C61 /* Frameworks */,
				9651BFCE13079CF400CD9C61 /* Products */,
			);
			indentWidth = 4;
			sourceTree = "<group>";
			usesTabs = 1;
		};
		9651BFCE13079CF400CD9C61 /* Products */ = {
			isa = PBXGroup;
			children = (
				9651BFCD13079CF400CD9C61 /* Lyssna NERadio.app */,
			);
			name = Products;
			sourceTree = "<group>";
		};
		9651BFD013079CF400CD9C61 /* Frameworks */ = {
			isa = PBXGroup;
			children = (
				969B0EB0132693A700102B8C /* StoreKit.framework */,
				969B0E8B1325BC7800102B8C /* CoreLocation.framework */,
				969B0DFA1325B5ED00102B8C /* MessageUI.framework */,
				9651C0CF1307AA4400CD9C61 /* iAd.framework */,
				9651C0C71307A6F000CD9C61 /* QuartzCore.framework */,
				9651C0BB1307A5D400CD9C61 /* AudioToolbox.framework */,
				9651C0BC1307A5D500CD9C61 /* CFNetwork.framework */,
				9651C0BD1307A5DB00CD9C61 /* CoreData.framework */,
				9651C0BE1307A5E000CD9C61 /* CoreGraphics.framework */,
				9651C0BF1307A5E800CD9C61 /* MediaPlayer.framework */,
				9651C0C01307A5F100CD9C61 /* SystemConfiguration.framework */,
				9651C0B11307A35800CD9C61 /* libsqlite3.dylib */,
				9651BFD113079CF400CD9C61 /* UIKit.framework */,
				9651BFD313079CF400CD9C61 /* Foundation.framework */,
			);
			name = Frameworks;
			sourceTree = "<group>";
		};
		9651BFD713079CF400CD9C61 /* Lyssna NERadio */ = {
			isa = PBXGroup;
			children = (
				9634FEB6134ED0D800FD737D /* iPad */,
				963CEC4E134902A8004659DE /* JHSpotifyEngine */,
				969B0DFC1325BB1100102B8C /* AdWhirl */,
				969B0D521325B0D800102B8C /* AdNetworks */,
				9651C06913079F7300CD9C61 /* arashpayan-appirater-b9382a6 */,
				9651BFFF13079DF800CD9C61 /* Classes */,
				9651BFE013079CF400CD9C61 /* Lyssna_NERadioAppDelegate.h */,
				967796BC132EFB3F00E600FE /* Lyssna_NERadioAppDelegate.m */,
				9651BFE313079CF400CD9C61 /* MainWindow.xib */,
				9651BFD813079CF400CD9C61 /* Supporting Files */,
			);
			path = "Lyssna NERadio";
			sourceTree = "<group>";
		};
		9651BFD813079CF400CD9C61 /* Supporting Files */ = {
			isa = PBXGroup;
			children = (
				967796AA132EF59700E600FE /* Default.png */,
				9651C0D61307AD3A00CD9C61 /* loadingbutton.png */,
				9651C0CD1307AA0F00CD9C61 /* background.png */,
				963CEC6C13490617004659DE /* background@2x.png */,
				9651C0CB1307A81E00CD9C61 /* cellbg.png */,
				963CEC6D13490617004659DE /* cellbg@2x.png */,
				967796B1132EFA0200E600FE /* Localizable.strings */,
				9651C0C91307A7E300CD9C61 /* radiostationDatabase.sqlite */,
				9651C07B13079F8D00CD9C61 /* playbutton.png */,
				9651C07C13079F8D00CD9C61 /* stopbutton.png */,
				9651C07113079F8200CD9C61 /* icon_bookmark.png */,
				963CEC6E13490617004659DE /* icon_bookmark@2x.png */,
				9651C07213079F8200CD9C61 /* icon_volume.png */,
				963CEC6F13490617004659DE /* icon_volume@2x.png */,
				9634FEAD134BB3A100FD737D /* Icon-72.png */,
				9660851813624F0B0028A285 /* minusmark.png */,
				9660851913624F0B0028A285 /* plusmark.png */,
				9634FEB0134BB3C600FD737D /* Icon.png */,
				9634FEB4134BB46400FD737D /* Icon@2x.png */,
				9651BFD913079CF400CD9C61 /* Lyssna_NERadio-Info.plist */,
				9651BFDD13079CF400CD9C61 /* Lyssna_NERadio-Prefix.pch */,
				9651BFDE13079CF400CD9C61 /* main.m */,
			);
			name = "Supporting Files";
			sourceTree = "<group>";
		};
		9651BFFF13079DF800CD9C61 /* Classes */ = {
			isa = PBXGroup;
			children = (
				9651C01413079DF800CD9C61 /* radioStation.xcdatamodeld */,
				9651C0821307A04500CD9C61 /* radioStation.h */,
				9651C0831307A04500CD9C61 /* radioStation.m */,
				9651C07F1307A02200CD9C61 /* song.h */,
				9651C0801307A02200CD9C61 /* song.m */,
				9651C00013079DF800CD9C61 /* addView.h */,
				9651C00113079DF800CD9C61 /* addView.m */,
				9651C00213079DF800CD9C61 /* AudioStreamer.h */,
				9651C00313079DF800CD9C61 /* AudioStreamer.m */,
				9651C00D13079DF800CD9C61 /* lastPlayedListViewer.h */,
				9651C00E13079DF800CD9C61 /* lastPlayedListViewer.m */,
				9651C01013079DF800CD9C61 /* LevelMeterView.h */,
				9651C01113079DF800CD9C61 /* LevelMeterView.m */,
				9651C01713079DF800CD9C61 /* radiostationerTableViewController.h */,
				9651C01813079DF800CD9C61 /* radiostationerTableViewController.m */,
				9651C01A13079DF800CD9C61 /* RootViewController.h */,
				9651C01B13079DF800CD9C61 /* RootViewController.m */,
				9651C01E13079DF800CD9C61 /* songtableviewCell.h */,
				9651C01F13079DF800CD9C61 /* songtableviewCell.m */,
				9651C0D11307ACB200CD9C61 /* DetailView.h */,
				9651C0D21307ACB300CD9C61 /* DetailView.m */,
				9651C02113079DF800CD9C61 /* stationCell.h */,
				9651C02213079DF800CD9C61 /* stationCell.m */,
				969B0C2713214D3E00102B8C /* songDetailView.h */,
				969B0C2813214D3E00102B8C /* songDetailView.m */,
				9651C02613079DF800CD9C61 /* stationPlayedSongs.h */,
				9651C02713079DF800CD9C61 /* stationPlayedSongs.m */,
				9651C02913079DF800CD9C61 /* StationTabBarController.h */,
				9651C02A13079DF800CD9C61 /* StationTabBarController.m */,
				9651C02E13079DF800CD9C61 /* UIDevice+Hardware.h */,
				9651C02F13079DF800CD9C61 /* UIDevice+Hardware.m */,
				96972D1E1326B75200E6CE7A /* InAppPurchaseController.h */,
				96972D1F1326B75200E6CE7A /* InAppPurchaseController.m */,
			);
			indentWidth = 4;
			path = Classes;
			sourceTree = "<group>";
		};
		9651C06813079E4400CD9C61 /* xibs */ = {
			isa = PBXGroup;
			children = (
				96C52296133ABD2900AFBFEC /* lastPlayedListViewer.xib */,
				969B0C2913214D3E00102B8C /* songDetailView.xib */,
				967796B6132EFB2D00E600FE /* DetailView.xib */,
				9651C01913079DF800CD9C61 /* radiostationerTableViewController.xib */,
				9651C02313079DF800CD9C61 /* stationCell.xib */,
				9651C02813079DF800CD9C61 /* stationPlayedSongs.xib */,
				9651C02B13079DF800CD9C61 /* StationTabBarController.xib */,
			);
			name = xibs;
			path = "Lyssna NERadio";
			sourceTree = "<group>";
		};
		9651C06913079F7300CD9C61 /* arashpayan-appirater-b9382a6 */ = {
			isa = PBXGroup;
			children = (
				9651C06A13079F7300CD9C61 /* Appirater.h */,
				9651C06B13079F7300CD9C61 /* Appirater.m */,
				9651C06C13079F7300CD9C61 /* navbg.png */,
				9651C06D13079F7300CD9C61 /* README.md */,
			);
			path = "arashpayan-appirater-b9382a6";
			sourceTree = "<group>";
		};
		969B0D521325B0D800102B8C /* AdNetworks */ = {
			isa = PBXGroup;
			children = (
				969B0E631325BB2700102B8C /* AdMob */,
			);
			name = AdNetworks;
			sourceTree = "<group>";
		};
		969B0DFC1325BB1100102B8C /* AdWhirl */ = {
			isa = PBXGroup;
			children = (
				969B0DFD1325BB1200102B8C /* adapters */,
				969B0E191325BB1200102B8C /* AdWhirlDelegateProtocol.h */,
				969B0E1A1325BB1200102B8C /* AdWhirlView.h */,
				969B0E1B1325BB1200102B8C /* internal */,
				969B0E401325BB1200102B8C /* legacy */,
			);
			path = AdWhirl;
			sourceTree = "<group>";
		};
		969B0DFD1325BB1200102B8C /* adapters */ = {
			isa = PBXGroup;
			children = (
				969B0DFE1325BB1200102B8C /* AdWhirlAdapterAdMob.h */,
				969B0DFF1325BB1200102B8C /* AdWhirlAdapterAdMob.m */,
				969B0E061325BB1200102B8C /* AdWhirlAdapterIAd.h */,
				969B0E071325BB1200102B8C /* AdWhirlAdapterIAd.m */,
				969B0E181325BB1200102B8C /* AdWhirlAdNetworkAdapter.h */,
			);
			path = adapters;
			sourceTree = "<group>";
		};
		969B0E1B1325BB1200102B8C /* internal */ = {
			isa = PBXGroup;
			children = (
				969B0E1C1325BB1200102B8C /* AdWhirlAdapterCustom.h */,
				969B0E1D1325BB1200102B8C /* AdWhirlAdapterCustom.m */,
				969B0E1E1325BB1200102B8C /* AdWhirlAdapterEvent.h */,
				969B0E1F1325BB1200102B8C /* AdWhirlAdapterEvent.m */,
				969B0E201325BB1200102B8C /* AdWhirlAdapterGeneric.h */,
				969B0E211325BB1200102B8C /* AdWhirlAdapterGeneric.m */,
				969B0E221325BB1200102B8C /* AdWhirlAdNetworkAdapter+Helpers.h */,
				969B0E231325BB1200102B8C /* AdWhirlAdNetworkAdapter+Helpers.m */,
				969B0E241325BB1200102B8C /* AdWhirlAdNetworkAdapter.m */,
				969B0E251325BB1200102B8C /* AdWhirlAdNetworkConfig.h */,
				969B0E2A1325BB1200102B8C /* AdWhirlClassWrapper.m */,
				969B0E261325BB1200102B8C /* AdWhirlAdNetworkConfig.m */,
				969B0E271325BB1200102B8C /* AdWhirlAdNetworkRegistry.h */,
				969B0E281325BB1200102B8C /* AdWhirlAdNetworkRegistry.m */,
				969B0E291325BB1200102B8C /* AdWhirlClassWrapper.h */,
				969B0E2B1325BB1200102B8C /* AdWhirlConfig.h */,
				969B0E2C1325BB1200102B8C /* AdWhirlConfig.m */,
				969B0E2D1325BB1200102B8C /* AdWhirlConfigStore.h */,
				969B0E2E1325BB1200102B8C /* AdWhirlConfigStore.m */,
				969B0E2F1325BB1200102B8C /* AdWhirlCustomAdView.h */,
				969B0E301325BB1200102B8C /* AdWhirlCustomAdView.m */,
				969B0E311325BB1200102B8C /* AdWhirlError.h */,
				969B0E321325BB1200102B8C /* AdWhirlError.m */,
				969B0E331325BB1200102B8C /* AdWhirlLog.h */,
				969B0E341325BB1200102B8C /* AdWhirlLog.m */,
				969B0E351325BB1200102B8C /* AdWhirlView+.h */,
				969B0E361325BB1200102B8C /* AdWhirlView.m */,
				969B0E371325BB1200102B8C /* AdWhirlWebBrowser.xib */,
				969B0E381325BB1200102B8C /* AdWhirlWebBrowserController.h */,
				969B0E391325BB1200102B8C /* AdWhirlWebBrowserController.m */,
				969B0E3A1325BB1200102B8C /* ARRollerView.m */,
				969B0E3B1325BB1200102B8C /* AWNetworkReachabilityDelegate.h */,
				969B0E3C1325BB1200102B8C /* AWNetworkReachabilityWrapper.h */,
				969B0E3D1325BB1200102B8C /* AWNetworkReachabilityWrapper.m */,
				969B0E3E1325BB1200102B8C /* UIColor+AdWhirlConfig.h */,
				969B0E3F1325BB1200102B8C /* UIColor+AdWhirlConfig.m */,
			);
			path = internal;
			sourceTree = "<group>";
		};
		969B0E401325BB1200102B8C /* legacy */ = {
			isa = PBXGroup;
			children = (
				969B0E411325BB1200102B8C /* ARRollerProtocol.h */,
				969B0E421325BB1200102B8C /* ARRollerView.h */,
			);
			path = legacy;
			sourceTree = "<group>";
		};
		969B0E631325BB2700102B8C /* AdMob */ = {
			isa = PBXGroup;
			children = (
				969B0E891325BC4F00102B8C /* libAdMob.a */,
				969B0E681325BBAC00102B8C /* TouchJSON */,
				969B0E641325BB3500102B8C /* AdMobDelegateProtocol.h */,
				969B0E651325BB3500102B8C /* AdMobInterstitialAd.h */,
				969B0E661325BB3500102B8C /* AdMobInterstitialDelegateProtocol.h */,
				969B0E671325BB3500102B8C /* AdMobView.h */,
			);
			name = AdMob;
			sourceTree = "<group>";
		};
		969B0E681325BBAC00102B8C /* TouchJSON */ = {
			isa = PBXGroup;
			children = (
				969B0E691325BBAC00102B8C /* CDataScanner.h */,
				969B0E6A1325BBAC00102B8C /* CDataScanner.m */,
				969B0E6B1325BBAC00102B8C /* Extensions */,
				969B0E741325BBAC00102B8C /* JSON */,
			);
			path = TouchJSON;
			sourceTree = "<group>";
		};
		969B0E6B1325BBAC00102B8C /* Extensions */ = {
			isa = PBXGroup;
			children = (
				969B0E6C1325BBAC00102B8C /* CDataScanner_Extensions.h */,
				969B0E6D1325BBAC00102B8C /* CDataScanner_Extensions.m */,
				969B0E6E1325BBAC00102B8C /* NSCharacterSet_Extensions.h */,
				969B0E6F1325BBAC00102B8C /* NSCharacterSet_Extensions.m */,
				969B0E701325BBAC00102B8C /* NSDictionary_JSONExtensions.h */,
				969B0E711325BBAC00102B8C /* NSDictionary_JSONExtensions.m */,
				969B0E721325BBAC00102B8C /* NSScanner_Extensions.h */,
				969B0E731325BBAC00102B8C /* NSScanner_Extensions.m */,
			);
			path = Extensions;
			sourceTree = "<group>";
		};
		969B0E741325BBAC00102B8C /* JSON */ = {
			isa = PBXGroup;
			children = (
				969B0E751325BBAC00102B8C /* CJSONDataSerializer.h */,
				969B0E761325BBAC00102B8C /* CJSONDataSerializer.m */,
				969B0E771325BBAC00102B8C /* CJSONDeserializer.h */,
				969B0E781325BBAC00102B8C /* CJSONDeserializer.m */,
				969B0E791325BBAC00102B8C /* CJSONScanner.h */,
				969B0E7A1325BBAC00102B8C /* CJSONScanner.m */,
				969B0E7B1325BBAC00102B8C /* CJSONSerializer.h */,
				969B0E7C1325BBAC00102B8C /* CJSONSerializer.m */,
				969B0E7D1325BBAC00102B8C /* CSerializedJSONData.h */,
				969B0E7E1325BBAC00102B8C /* CSerializedJSONData.m */,
			);
			path = JSON;
			sourceTree = "<group>";
		};
/* End PBXGroup section */

/* Begin PBXNativeTarget section */
		9651BFCC13079CF400CD9C61 /* Lyssna NERadio */ = {
			isa = PBXNativeTarget;
			buildConfigurationList = 9651BFF413079CF400CD9C61 /* Build configuration list for PBXNativeTarget "Lyssna NERadio" */;
			buildPhases = (
				9651BFC913079CF400CD9C61 /* Sources */,
				9651BFCA13079CF400CD9C61 /* Frameworks */,
				9651BFCB13079CF400CD9C61 /* Resources */,
			);
			buildRules = (
			);
			dependencies = (
			);
			name = "Lyssna NERadio";
			productName = "Lyssna NERadio";
			productReference = 9651BFCD13079CF400CD9C61 /* Lyssna NERadio.app */;
			productType = "com.apple.product-type.application";
		};
/* End PBXNativeTarget section */

/* Begin PBXProject section */
		9651BFC413079CF400CD9C61 /* Project object */ = {
			isa = PBXProject;
			attributes = {
				ORGANIZATIONNAME = "Devsnack inc.";
			};
			buildConfigurationList = 9651BFC713079CF400CD9C61 /* Build configuration list for PBXProject "Lyssna NERadio" */;
			compatibilityVersion = "Xcode 3.2";
			developmentRegion = English;
			hasScannedForEncodings = 0;
			knownRegions = (
				en,
				English,
				Swedish,
				sv,
				de,
				nl,
				es,
				nb,
			);
			mainGroup = 9651BFC213079CF400CD9C61;
			productRefGroup = 9651BFCE13079CF400CD9C61 /* Products */;
			projectDirPath = "";
			projectRoot = "";
			targets = (
				9651BFCC13079CF400CD9C61 /* Lyssna NERadio */,
			);
		};
/* End PBXProject section */

/* Begin PBXResourcesBuildPhase section */
		9651BFCB13079CF400CD9C61 /* Resources */ = {
			isa = PBXResourcesBuildPhase;
			buildActionMask = 2147483647;
			files = (
				9651BFE513079CF400CD9C61 /* MainWindow.xib in Resources */,
				9651C03D13079DF800CD9C61 /* radiostationerTableViewController.xib in Resources */,
				9651C04313079DF800CD9C61 /* stationCell.xib in Resources */,
				9651C04613079DF800CD9C61 /* stationPlayedSongs.xib in Resources */,
				9651C04813079DF800CD9C61 /* StationTabBarController.xib in Resources */,
				9651C06F13079F7300CD9C61 /* navbg.png in Resources */,
				9651C07013079F7300CD9C61 /* README.md in Resources */,
				9651C07613079F8200CD9C61 /* icon_bookmark.png in Resources */,
				9651C07713079F8200CD9C61 /* icon_volume.png in Resources */,
				9651C07D13079F8D00CD9C61 /* playbutton.png in Resources */,
				9651C07E13079F8D00CD9C61 /* stopbutton.png in Resources */,
				9651C0CA1307A7E300CD9C61 /* radiostationDatabase.sqlite in Resources */,
				9651C0CC1307A81E00CD9C61 /* cellbg.png in Resources */,
				9651C0CE1307AA0F00CD9C61 /* background.png in Resources */,
				967796B4132EFB2D00E600FE /* DetailView.xib in Resources */,
				9651C0D71307AD3A00CD9C61 /* loadingbutton.png in Resources */,
				969B0C2B13214D3E00102B8C /* songDetailView.xib in Resources */,
				969B0E5E1325BB1200102B8C /* AdWhirlWebBrowser.xib in Resources */,
				967796AB132EF59700E600FE /* Default.png in Resources */,
				967796B3132EFA0200E600FE /* Localizable.strings in Resources */,
				96C52297133ABD2900AFBFEC /* lastPlayedListViewer.xib in Resources */,
				963CEC7013490618004659DE /* background@2x.png in Resources */,
				963CEC7113490618004659DE /* cellbg@2x.png in Resources */,
				963CEC7213490618004659DE /* icon_bookmark@2x.png in Resources */,
				963CEC7313490618004659DE /* icon_volume@2x.png in Resources */,
				9634FEAE134BB3A100FD737D /* Icon-72.png in Resources */,
				9634FEB1134BB3C600FD737D /* Icon.png in Resources */,
				9634FEB5134BB46400FD737D /* Icon@2x.png in Resources */,
				9634FEBA134ED0DD00FD737D /* MainWindow-iPad.xib in Resources */,
				9634FEBE134F64BF00FD737D /* Icon-72.png in Resources */,
				96608511135E80160028A285 /* DetailViewipad.xib in Resources */,
				963A3DFD1350E31E000225B9 /* songDetailViewController.xib in Resources */,
				9660851A13624F0C0028A285 /* minusmark.png in Resources */,
				9660851B13624F0C0028A285 /* plusmark.png in Resources */,
			);
			runOnlyForDeploymentPostprocessing = 0;
		};
/* End PBXResourcesBuildPhase section */

/* Begin PBXSourcesBuildPhase section */
		9651BFC913079CF400CD9C61 /* Sources */ = {
			isa = PBXSourcesBuildPhase;
			buildActionMask = 2147483647;
			files = (
				9651BFDF13079CF400CD9C61 /* main.m in Sources */,
				967796BA132EFB3F00E600FE /* Lyssna_NERadioAppDelegate.m in Sources */,
				9651C03013079DF800CD9C61 /* addView.m in Sources */,
				9651C03113079DF800CD9C61 /* AudioStreamer.m in Sources */,
				9651C03713079DF800CD9C61 /* lastPlayedListViewer.m in Sources */,
				9651C03913079DF800CD9C61 /* LevelMeterView.m in Sources */,
				9651C03B13079DF800CD9C61 /* radioStation.xcdatamodeld in Sources */,
				9651C03C13079DF800CD9C61 /* radiostationerTableViewController.m in Sources */,
				9651C03E13079DF800CD9C61 /* RootViewController.m in Sources */,
				9651C04013079DF800CD9C61 /* songtableviewCell.m in Sources */,
				9651C04213079DF800CD9C61 /* stationCell.m in Sources */,
				9651C04513079DF800CD9C61 /* stationPlayedSongs.m in Sources */,
				9651C04713079DF800CD9C61 /* StationTabBarController.m in Sources */,
				9651C04913079DF800CD9C61 /* UIDevice+Hardware.m in Sources */,
				9651C06E13079F7300CD9C61 /* Appirater.m in Sources */,
				9651C0811307A02200CD9C61 /* song.m in Sources */,
				9651C0841307A04500CD9C61 /* radioStation.m in Sources */,
				9651C0D31307ACB500CD9C61 /* DetailView.m in Sources */,
				969B0C2A13214D3E00102B8C /* songDetailView.m in Sources */,
				969B0E431325BB1200102B8C /* AdWhirlAdapterAdMob.m in Sources */,
				969B0E471325BB1200102B8C /* AdWhirlAdapterIAd.m in Sources */,
				969B0E501325BB1200102B8C /* AdWhirlAdapterCustom.m in Sources */,
				969B0E511325BB1200102B8C /* AdWhirlAdapterEvent.m in Sources */,
				969B0E521325BB1200102B8C /* AdWhirlAdapterGeneric.m in Sources */,
				969B0E531325BB1200102B8C /* AdWhirlAdNetworkAdapter+Helpers.m in Sources */,
				969B0E541325BB1200102B8C /* AdWhirlAdNetworkAdapter.m in Sources */,
				969B0E551325BB1200102B8C /* AdWhirlAdNetworkConfig.m in Sources */,
				969B0E561325BB1200102B8C /* AdWhirlAdNetworkRegistry.m in Sources */,
				969B0E571325BB1200102B8C /* AdWhirlClassWrapper.m in Sources */,
				969B0E581325BB1200102B8C /* AdWhirlConfig.m in Sources */,
				969B0E591325BB1200102B8C /* AdWhirlConfigStore.m in Sources */,
				969B0E5A1325BB1200102B8C /* AdWhirlCustomAdView.m in Sources */,
				969B0E5B1325BB1200102B8C /* AdWhirlError.m in Sources */,
				969B0E5C1325BB1200102B8C /* AdWhirlLog.m in Sources */,
				969B0E5D1325BB1200102B8C /* AdWhirlView.m in Sources */,
				969B0E5F1325BB1200102B8C /* AdWhirlWebBrowserController.m in Sources */,
				969B0E601325BB1200102B8C /* ARRollerView.m in Sources */,
				969B0E611325BB1200102B8C /* AWNetworkReachabilityWrapper.m in Sources */,
				969B0E621325BB1200102B8C /* UIColor+AdWhirlConfig.m in Sources */,
				969B0E7F1325BBAC00102B8C /* CDataScanner.m in Sources */,
				969B0E801325BBAC00102B8C /* CDataScanner_Extensions.m in Sources */,
				969B0E811325BBAC00102B8C /* NSCharacterSet_Extensions.m in Sources */,
				969B0E821325BBAC00102B8C /* NSDictionary_JSONExtensions.m in Sources */,
				969B0E831325BBAC00102B8C /* NSScanner_Extensions.m in Sources */,
				969B0E841325BBAC00102B8C /* CJSONDataSerializer.m in Sources */,
				969B0E851325BBAC00102B8C /* CJSONDeserializer.m in Sources */,
				969B0E861325BBAC00102B8C /* CJSONScanner.m in Sources */,
				969B0E871325BBAC00102B8C /* CJSONSerializer.m in Sources */,
				969B0E881325BBAC00102B8C /* CSerializedJSONData.m in Sources */,
				96972D201326B75300E6CE7A /* InAppPurchaseController.m in Sources */,
				963CEC63134902A8004659DE /* JHSpotifyAlbumXMLParser.m in Sources */,
				963CEC64134902A8004659DE /* JHSpotifyArtistXMLParser.m in Sources */,
				963CEC65134902A8004659DE /* JHSpotifyEngine.m in Sources */,
				963CEC66134902A8004659DE /* JHSpotifyHTTPURLConnection.m in Sources */,
				963CEC67134902A8004659DE /* JHSpotifyTrackXMLParser.m in Sources */,
				963CEC68134902A8004659DE /* JHSpotifyXMLParser.m in Sources */,
				963CEC69134902A8004659DE /* NSData+Base64.m in Sources */,
				963CEC6A134902A8004659DE /* NSString+UUID.m in Sources */,
			);
			runOnlyForDeploymentPostprocessing = 0;
		};
/* End PBXSourcesBuildPhase section */

/* Begin PBXVariantGroup section */
		9634FEB7134ED0DD00FD737D /* MainWindow-iPad.xib */ = {
			isa = PBXVariantGroup;
			children = (
				9634FEB8134ED0DD00FD737D /* en */,
				966B484F1365F94D0091DBF0 /* sv */,
				966B48501365F9510091DBF0 /* nl */,
				966B48511365F9530091DBF0 /* es */,
				966B48521365F9560091DBF0 /* nb */,
			);
			name = "MainWindow-iPad.xib";
			sourceTree = "<group>";
		};
		9651BFE313079CF400CD9C61 /* MainWindow.xib */ = {
			isa = PBXVariantGroup;
			children = (
				9651BFE413079CF400CD9C61 /* en */,
				967796AD132EF79600E600FE /* sv */,
				96608515135E80770028A285 /* nl */,
				96608516135E81140028A285 /* es */,
				966B48531365F95D0091DBF0 /* nb */,
			);
			name = MainWindow.xib;
			sourceTree = "<group>";
		};
		96608513135E80160028A285 /* DetailViewipad.xib */ = {
			isa = PBXVariantGroup;
			children = (
				96608512135E80160028A285 /* en */,
			);
			name = DetailViewipad.xib;
			sourceTree = "<group>";
		};
		967796B1132EFA0200E600FE /* Localizable.strings */ = {
			isa = PBXVariantGroup;
			children = (
				967796B2132EFA0200E600FE /* English */,
				967796BD132EFB4300E600FE /* sv */,
				9660850F135E7AC90028A285 /* nl */,
				96608510135E7C610028A285 /* es */,
				96608517135E832C0028A285 /* nb */,
			);
			name = Localizable.strings;
			sourceTree = "<group>";
		};
		967796B6132EFB2D00E600FE /* DetailView.xib */ = {
			isa = PBXVariantGroup;
			children = (
				967796B5132EFB2D00E600FE /* en */,
			);
			name = DetailView.xib;
			sourceTree = "<group>";
		};
		967796BC132EFB3F00E600FE /* Lyssna_NERadioAppDelegate.m */ = {
			isa = PBXVariantGroup;
			children = (
				967796BB132EFB3F00E600FE /* en */,
			);
			name = Lyssna_NERadioAppDelegate.m;
			sourceTree = "<group>";
		};
/* End PBXVariantGroup section */

/* Begin XCBuildConfiguration section */
		9651BFF213079CF400CD9C61 /* Debug */ = {
			isa = XCBuildConfiguration;
			buildSettings = {
				ARCHS = "$(ARCHS_STANDARD_32_BIT)";
				"CODE_SIGN_IDENTITY[sdk=iphoneos*]" = "iPhone Developer: Hakan Nylen (97J4259T5Q)";
				GCC_C_LANGUAGE_STANDARD = gnu99;
				GCC_OPTIMIZATION_LEVEL = 0;
				GCC_PREPROCESSOR_DEFINITIONS = DEBUG;
				GCC_VERSION = com.apple.compilers.llvmgcc42;
				GCC_WARN_ABOUT_RETURN_TYPE = YES;
				GCC_WARN_UNUSED_VARIABLE = YES;
				IPHONEOS_DEPLOYMENT_TARGET = 3.2;
				"PROVISIONING_PROFILE[sdk=iphoneos*]" = "59971A73-70F6-4BEB-9854-AB770D98F7AC";
				SDKROOT = iphoneos;
			};
			name = Debug;
		};
		9651BFF313079CF400CD9C61 /* Release */ = {
			isa = XCBuildConfiguration;
			buildSettings = {
				ARCHS = "$(ARCHS_STANDARD_32_BIT)";
				"CODE_SIGN_IDENTITY[sdk=iphoneos*]" = "iPhone Distribution";
				GCC_C_LANGUAGE_STANDARD = gnu99;
				GCC_VERSION = com.apple.compilers.llvmgcc42;
				GCC_WARN_ABOUT_RETURN_TYPE = YES;
				GCC_WARN_UNUSED_VARIABLE = YES;
				IPHONEOS_DEPLOYMENT_TARGET = 3.2;
				OTHER_CFLAGS = "-DNS_BLOCK_ASSERTIONS=1";
				"PROVISIONING_PROFILE[sdk=iphoneos*]" = "";
				SDKROOT = iphoneos;
			};
			name = Release;
		};
		9651BFF513079CF400CD9C61 /* Debug */ = {
			isa = XCBuildConfiguration;
			buildSettings = {
				ALWAYS_SEARCH_USER_PATHS = NO;
				COPY_PHASE_STRIP = NO;
				FRAMEWORK_SEARCH_PATHS = (
					"$(inherited)",
					"\"$(SRCROOT)\"",
				);
				GCC_DYNAMIC_NO_PIC = NO;
				GCC_PRECOMPILE_PREFIX_HEADER = YES;
				GCC_PREFIX_HEADER = "Lyssna NERadio/Lyssna_NERadio-Prefix.pch";
				INFOPLIST_FILE = "Lyssna NERadio/Lyssna_NERadio-Info.plist";
				INSTALL_PATH = "$(LOCAL_APPS_DIR)";
				IPHONEOS_DEPLOYMENT_TARGET = 3.2;
				LIBRARY_SEARCH_PATHS = (
					"$(inherited)",
					"\"$(SRCROOT)\"",
					"\"$(SRCROOT)/Lyssna NERadio/admob_iphone_sdk/AdMob\"",
					"\"$(SRCROOT)/Lyssna NERadio/admob_iphone_sdk/extras\"",
					/Users/confacted/Downloads/admob_iphone_sdk/AdMob,
				);
				PRODUCT_NAME = "$(TARGET_NAME)";
				TARGETED_DEVICE_FAMILY = "1,2";
				WRAPPER_EXTENSION = app;
			};
			name = Debug;
		};
		9651BFF613079CF400CD9C61 /* Release */ = {
			isa = XCBuildConfiguration;
			buildSettings = {
				ALWAYS_SEARCH_USER_PATHS = NO;
				COPY_PHASE_STRIP = YES;
				FRAMEWORK_SEARCH_PATHS = (
					"$(inherited)",
					"\"$(SRCROOT)\"",
				);
				GCC_PRECOMPILE_PREFIX_HEADER = YES;
				GCC_PREFIX_HEADER = "Lyssna NERadio/Lyssna_NERadio-Prefix.pch";
				INFOPLIST_FILE = "Lyssna NERadio/Lyssna_NERadio-Info.plist";
				INSTALL_PATH = "$(LOCAL_APPS_DIR)";
				IPHONEOS_DEPLOYMENT_TARGET = 3.2;
				LIBRARY_SEARCH_PATHS = (
					"$(inherited)",
					"\"$(SRCROOT)\"",
					"\"$(SRCROOT)/Lyssna NERadio/admob_iphone_sdk/AdMob\"",
					"\"$(SRCROOT)/Lyssna NERadio/admob_iphone_sdk/extras\"",
					/Users/confacted/Downloads/admob_iphone_sdk/AdMob,
				);
				PRODUCT_NAME = "$(TARGET_NAME)";
				TARGETED_DEVICE_FAMILY = "1,2";
				VALIDATE_PRODUCT = YES;
				WRAPPER_EXTENSION = app;
			};
			name = Release;
		};
/* End XCBuildConfiguration section */

/* Begin XCConfigurationList section */
		9651BFC713079CF400CD9C61 /* Build configuration list for PBXProject "Lyssna NERadio" */ = {
			isa = XCConfigurationList;
			buildConfigurations = (
				9651BFF213079CF400CD9C61 /* Debug */,
				9651BFF313079CF400CD9C61 /* Release */,
			);
			defaultConfigurationIsVisible = 0;
			defaultConfigurationName = Release;
		};
		9651BFF413079CF400CD9C61 /* Build configuration list for PBXNativeTarget "Lyssna NERadio" */ = {
			isa = XCConfigurationList;
			buildConfigurations = (
				9651BFF513079CF400CD9C61 /* Debug */,
				9651BFF613079CF400CD9C61 /* Release */,
			);
			defaultConfigurationIsVisible = 0;
			defaultConfigurationName = Release;
		};
/* End XCConfigurationList section */

/* Begin XCVersionGroup section */
		9651C01413079DF800CD9C61 /* radioStation.xcdatamodeld */ = {
			isa = XCVersionGroup;
			children = (
				9651C01513079DF800CD9C61 /* radioStation 2.xcdatamodel */,
				9651C01613079DF800CD9C61 /* radioStation.xcdatamodel */,
			);
			currentVersion = 9651C01613079DF800CD9C61 /* radioStation.xcdatamodel */;
			path = radioStation.xcdatamodeld;
			sourceTree = "<group>";
			versionGroupType = wrapper.xcdatamodel;
		};
/* End XCVersionGroup section */
	};
	rootObject = 9651BFC413079CF400CD9C61 /* Project object */;
}
